{
  "object": {
    "pins": [
      {
        "package": "Mobile Buy SDK",
        "repositoryURL": "https://github.com/Shopify/mobile-buy-sdk-ios",
        "state": {
          "branch": null,
          "revision": "c90b2465f6ddea95e8f4436723bc9f8f0168cddd",
          "version": "7.0.0"
        }
      },
      {
        "package": "Reachability",
        "repositoryURL": "https://github.com/ashleymills/Reachability.swift",
        "state": {
          "branch": null,
          "revision": "c01bbdf2d633cf049ae1ed1a68a2020a8bda32e2",
          "version": "5.1.0"
        }
      },
      {
        "package": "SwipeCellKit",
        "repositoryURL": "https://github.com/SwipeCellKit/SwipeCellKit",
        "state": {
          "branch": null,
          "revision": "7219cad3098637176ace311510d11467dbfb9bb0",
          "version": "2.7.1"
        }
      }
    ]
  },
  "version": 1
}
