// !$*UTF8*$!
{
	archiveVersion = 1;
	classes = {
	};
	objectVersion = 52;
	objects = {

/* Begin PBXBuildFile section */
		0A7346E227DB553500F0D5C0 /* FlashSaleSectionHeaderCollectionReusableView.swift in Sources */ = {isa = PBXBuildFile; fileRef = 0A7346E127DB553500F0D5C0 /* FlashSaleSectionHeaderCollectionReusableView.swift */; };
		0A7346E427DB642900F0D5C0 /* RecentlyAddedHeaderCollectionReusableView.swift in Sources */ = {isa = PBXBuildFile; fileRef = 0A7346E327DB642900F0D5C0 /* RecentlyAddedHeaderCollectionReusableView.swift */; };
		0A7346E627DB86CE00F0D5C0 /* HeroHeaderCollectionViewCell.swift in Sources */ = {isa = PBXBuildFile; fileRef = 0A7346E527DB86CE00F0D5C0 /* HeroHeaderCollectionViewCell.swift */; };
		0A7346E827DB971500F0D5C0 /* HeroCategoriesCollectionViewCell.swift in Sources */ = {isa = PBXBuildFile; fileRef = 0A7346E727DB971500F0D5C0 /* HeroCategoriesCollectionViewCell.swift */; };
		0A7346EA27DBC80F00F0D5C0 /* CategoryCollectionViewCell.swift in Sources */ = {isa = PBXBuildFile; fileRef = 0A7346E927DBC80F00F0D5C0 /* CategoryCollectionViewCell.swift */; };
		0A7346EC27DBDF1D00F0D5C0 /* RecentlyAddedCollectionViewCell.swift in Sources */ = {isa = PBXBuildFile; fileRef = 0A7346EB27DBDF1D00F0D5C0 /* RecentlyAddedCollectionViewCell.swift */; };
		0A7346F527DC894900F0D5C0 /* ProductDetailsViewController.swift in Sources */ = {isa = PBXBuildFile; fileRef = 0A7346F427DC894900F0D5C0 /* ProductDetailsViewController.swift */; };
		0A73472527DC9DF200F0D5C0 /* PreviewCollectionHeaderCollectionReusableView.swift in Sources */ = {isa = PBXBuildFile; fileRef = 0A73472427DC9DF200F0D5C0 /* PreviewCollectionHeaderCollectionReusableView.swift */; };
		0A73472727DCE64600F0D5C0 /* PreviewAnglesCollectionViewCell.swift in Sources */ = {isa = PBXBuildFile; fileRef = 0A73472627DCE64600F0D5C0 /* PreviewAnglesCollectionViewCell.swift */; };
		0A73472927DCF7FB00F0D5C0 /* ProductHeaderCollectionViewCell.swift in Sources */ = {isa = PBXBuildFile; fileRef = 0A73472827DCF7FB00F0D5C0 /* ProductHeaderCollectionViewCell.swift */; };
		0A73472B27DD255F00F0D5C0 /* ProductPreviewDescriptionCollectionViewCell.swift in Sources */ = {isa = PBXBuildFile; fileRef = 0A73472A27DD255F00F0D5C0 /* ProductPreviewDescriptionCollectionViewCell.swift */; };
		0A73472D27DD366E00F0D5C0 /* RelevantCollectionReusableView.swift in Sources */ = {isa = PBXBuildFile; fileRef = 0A73472C27DD366E00F0D5C0 /* RelevantCollectionReusableView.swift */; };
		0A73473E27DF3E7800F0D5C0 /* RegistrationViewController.swift in Sources */ = {isa = PBXBuildFile; fileRef = 0A73473A27DF3E7800F0D5C0 /* RegistrationViewController.swift */; };
		0A73473F27DF3E7800F0D5C0 /* OnboardingParentViewController.swift in Sources */ = {isa = PBXBuildFile; fileRef = 0A73473B27DF3E7800F0D5C0 /* OnboardingParentViewController.swift */; };
		0A73474027DF3E7800F0D5C0 /* LoginViewController.swift in Sources */ = {isa = PBXBuildFile; fileRef = 0A73473C27DF3E7800F0D5C0 /* LoginViewController.swift */; };
		0A73474127DF3E7800F0D5C0 /* WelcomingViewController.swift in Sources */ = {isa = PBXBuildFile; fileRef = 0A73473D27DF3E7800F0D5C0 /* WelcomingViewController.swift */; };
		0A73474327DFAAFD00F0D5C0 /* TermsAndConditionsViewController.swift in Sources */ = {isa = PBXBuildFile; fileRef = 0A73474227DFAAFD00F0D5C0 /* TermsAndConditionsViewController.swift */; };
		0A73474527DFADC000F0D5C0 /* TermsAndConditionsTableViewCell.swift in Sources */ = {isa = PBXBuildFile; fileRef = 0A73474427DFADC000F0D5C0 /* TermsAndConditionsTableViewCell.swift */; };
		0A73474A27E0BADA00F0D5C0 /* GifLoad.swift in Sources */ = {isa = PBXBuildFile; fileRef = 0A73474927E0BADA00F0D5C0 /* GifLoad.swift */; };
		0A73474C27E0BB6D00F0D5C0 /* bannerGif.gif in Resources */ = {isa = PBXBuildFile; fileRef = 0A73474B27E0BB6D00F0D5C0 /* bannerGif.gif */; };
		0A73474E27E0C57600F0D5C0 /* GifCollectionViewCell.swift in Sources */ = {isa = PBXBuildFile; fileRef = 0A73474D27E0C57600F0D5C0 /* GifCollectionViewCell.swift */; };
		0A73475A27E2558600F0D5C0 /* BannerCollectionViewCell.swift in Sources */ = {isa = PBXBuildFile; fileRef = 0A73475927E2558600F0D5C0 /* BannerCollectionViewCell.swift */; };
		0A73475C27E2569200F0D5C0 /* PillPageControl.swift in Sources */ = {isa = PBXBuildFile; fileRef = 0A73475B27E2569200F0D5C0 /* PillPageControl.swift */; };
		0A73476027E25EB200F0D5C0 /* ProductCardViewController.swift in Sources */ = {isa = PBXBuildFile; fileRef = 0A73475F27E25EB200F0D5C0 /* ProductCardViewController.swift */; };
		186199EC27DA6AC000470847 /* WishListCollectionViewCell.swift in Sources */ = {isa = PBXBuildFile; fileRef = 186199EA27DA6AC000470847 /* WishListCollectionViewCell.swift */; };
		186199ED27DA6AC000470847 /* WishListCollectionViewCell.xib in Resources */ = {isa = PBXBuildFile; fileRef = 186199EB27DA6AC000470847 /* WishListCollectionViewCell.xib */; };
		186199F927DBEF6E00470847 /* ProductsViewController.swift in Sources */ = {isa = PBXBuildFile; fileRef = 186199F727DBEF6E00470847 /* ProductsViewController.swift */; };
		186199FA27DBEF6E00470847 /* ProductsViewController.xib in Resources */ = {isa = PBXBuildFile; fileRef = 186199F827DBEF6E00470847 /* ProductsViewController.xib */; };
		18619A0827DC094500470847 /* ProductsCellCollectionViewCell.swift in Sources */ = {isa = PBXBuildFile; fileRef = 18619A0627DC094500470847 /* ProductsCellCollectionViewCell.swift */; };
		18619A0927DC094500470847 /* ProductsCellCollectionViewCell.xib in Resources */ = {isa = PBXBuildFile; fileRef = 18619A0727DC094500470847 /* ProductsCellCollectionViewCell.xib */; };
		18619A3127DD494200470847 /* OrdersViewController.swift in Sources */ = {isa = PBXBuildFile; fileRef = 18619A2F27DD494200470847 /* OrdersViewController.swift */; };
		18619A3227DD494200470847 /* OrdersViewController.xib in Resources */ = {isa = PBXBuildFile; fileRef = 18619A3027DD494200470847 /* OrdersViewController.xib */; };
		18619A3827DD4A2200470847 /* WishListViewController.swift in Sources */ = {isa = PBXBuildFile; fileRef = 18619A3627DD4A2200470847 /* WishListViewController.swift */; };
		18619A3927DD4A2200470847 /* WishListViewController.xib in Resources */ = {isa = PBXBuildFile; fileRef = 18619A3727DD4A2200470847 /* WishListViewController.xib */; };
		18619A4227DDF63600470847 /* WishListTableViewCell.swift in Sources */ = {isa = PBXBuildFile; fileRef = 18619A4027DDF63600470847 /* WishListTableViewCell.swift */; };
		18619A4327DDF63600470847 /* WishListTableViewCell.xib in Resources */ = {isa = PBXBuildFile; fileRef = 18619A4127DDF63600470847 /* WishListTableViewCell.xib */; };
		18619A4927DE221300470847 /* UpdatedWishListCollectionViewCell.swift in Sources */ = {isa = PBXBuildFile; fileRef = 18619A4727DE221300470847 /* UpdatedWishListCollectionViewCell.swift */; };
		18619A4A27DE221300470847 /* UpdatedWishListCollectionViewCell.xib in Resources */ = {isa = PBXBuildFile; fileRef = 18619A4827DE221300470847 /* UpdatedWishListCollectionViewCell.xib */; };
		18696DEF27DE75BC00EB59C9 /* OrderCollectionViewCell.swift in Sources */ = {isa = PBXBuildFile; fileRef = 18696DED27DE75BC00EB59C9 /* OrderCollectionViewCell.swift */; };
		18696DF027DE75BC00EB59C9 /* OrderCollectionViewCell.xib in Resources */ = {isa = PBXBuildFile; fileRef = 18696DEE27DE75BC00EB59C9 /* OrderCollectionViewCell.xib */; };
		187F86AC27DFE2B50053C82B /* OrdersDetailsViewController.swift in Sources */ = {isa = PBXBuildFile; fileRef = 187F86AA27DFE2B50053C82B /* OrdersDetailsViewController.swift */; };
		187F86AD27DFE2B50053C82B /* OrdersDetailsViewController.xib in Resources */ = {isa = PBXBuildFile; fileRef = 187F86AB27DFE2B50053C82B /* OrdersDetailsViewController.xib */; };
		187F86B327DFF4560053C82B /* OrderDetailsCollectionViewCell.swift in Sources */ = {isa = PBXBuildFile; fileRef = 187F86B127DFF4560053C82B /* OrderDetailsCollectionViewCell.swift */; };
		187F86B427DFF4560053C82B /* OrderDetailsCollectionViewCell.xib in Resources */ = {isa = PBXBuildFile; fileRef = 187F86B227DFF4560053C82B /* OrderDetailsCollectionViewCell.xib */; };
		18DF297227D97198006FE3C6 /* AppDelegate.swift in Sources */ = {isa = PBXBuildFile; fileRef = 18DF297127D97198006FE3C6 /* AppDelegate.swift */; };
		18DF297427D97198006FE3C6 /* SceneDelegate.swift in Sources */ = {isa = PBXBuildFile; fileRef = 18DF297327D97198006FE3C6 /* SceneDelegate.swift */; };
		18DF297627D97198006FE3C6 /* HomeViewController.swift in Sources */ = {isa = PBXBuildFile; fileRef = 18DF297527D97198006FE3C6 /* HomeViewController.swift */; };
		18DF297927D97198006FE3C6 /* Main.storyboard in Resources */ = {isa = PBXBuildFile; fileRef = 18DF297727D97198006FE3C6 /* Main.storyboard */; };
		18DF297C27D97198006FE3C6 /* BuyIN.xcdatamodeld in Sources */ = {isa = PBXBuildFile; fileRef = 18DF297A27D97198006FE3C6 /* BuyIN.xcdatamodeld */; };
		18DF297E27D9719C006FE3C6 /* Assets.xcassets in Resources */ = {isa = PBXBuildFile; fileRef = 18DF297D27D9719C006FE3C6 /* Assets.xcassets */; };
		18DF298127D9719C006FE3C6 /* LaunchScreen.storyboard in Resources */ = {isa = PBXBuildFile; fileRef = 18DF297F27D9719C006FE3C6 /* LaunchScreen.storyboard */; };
		18DF298C27D9719D006FE3C6 /* BuyINTests.swift in Sources */ = {isa = PBXBuildFile; fileRef = 18DF298B27D9719D006FE3C6 /* BuyINTests.swift */; };
		18DF299727D9719D006FE3C6 /* BuyINUITests.swift in Sources */ = {isa = PBXBuildFile; fileRef = 18DF299627D9719D006FE3C6 /* BuyINUITests.swift */; };
		18DF29B027D98369006FE3C6 /* Client.swift in Sources */ = {isa = PBXBuildFile; fileRef = 18DF29AF27D98369006FE3C6 /* Client.swift */; };
		18DF29B527D9872A006FE3C6 /* CategoriesViewController.swift in Sources */ = {isa = PBXBuildFile; fileRef = 18DF29B427D9872A006FE3C6 /* CategoriesViewController.swift */; };
		18DF29BA27D98740006FE3C6 /* ProfileViewController.swift in Sources */ = {isa = PBXBuildFile; fileRef = 18DF29B927D98740006FE3C6 /* ProfileViewController.swift */; };
		18DF29C027DA125D006FE3C6 /* OrdersTableViewCell.swift in Sources */ = {isa = PBXBuildFile; fileRef = 18DF29BE27DA125D006FE3C6 /* OrdersTableViewCell.swift */; };
		18DF29C127DA125D006FE3C6 /* OrdersTableViewCell.xib in Resources */ = {isa = PBXBuildFile; fileRef = 18DF29BF27DA125D006FE3C6 /* OrdersTableViewCell.xib */; };
		18DF29DF27DA42B9006FE3C6 /* UIViewExtension.swift in Sources */ = {isa = PBXBuildFile; fileRef = 18DF29DE27DA42B9006FE3C6 /* UIViewExtension.swift */; };
		328C24BD27DA548300979917 /* ProductCollectionViewCell.swift in Sources */ = {isa = PBXBuildFile; fileRef = 328C24BB27DA548200979917 /* ProductCollectionViewCell.swift */; };
		328C24BE27DA548300979917 /* ProductCollectionViewCell.xib in Resources */ = {isa = PBXBuildFile; fileRef = 328C24BC27DA548300979917 /* ProductCollectionViewCell.xib */; };
		328FE98A27DD39BF00FE22B2 /* ScriptCodeViewModel.swift in Sources */ = {isa = PBXBuildFile; fileRef = 328FE98627DD39BE00FE22B2 /* ScriptCodeViewModel.swift */; };
		328FE98B27DD39BF00FE22B2 /* DiscountCodeViewModel.swift in Sources */ = {isa = PBXBuildFile; fileRef = 328FE98727DD39BE00FE22B2 /* DiscountCodeViewModel.swift */; };
		328FE98C27DD39BF00FE22B2 /* DiscountApplication.swift in Sources */ = {isa = PBXBuildFile; fileRef = 328FE98827DD39BF00FE22B2 /* DiscountApplication.swift */; };
		328FE98D27DD39BF00FE22B2 /* ManualCodeViewModel.swift in Sources */ = {isa = PBXBuildFile; fileRef = 328FE98927DD39BF00FE22B2 /* ManualCodeViewModel.swift */; };
		328FE99227DD758300FE22B2 /* CartCell.swift in Sources */ = {isa = PBXBuildFile; fileRef = 328FE99027DD758300FE22B2 /* CartCell.swift */; };
		328FE99327DD758300FE22B2 /* CartCell.xib in Resources */ = {isa = PBXBuildFile; fileRef = 328FE99127DD758300FE22B2 /* CartCell.xib */; };
		328FE99527DD825C00FE22B2 /* GMStepper.swift in Sources */ = {isa = PBXBuildFile; fileRef = 328FE99427DD825C00FE22B2 /* GMStepper.swift */; };
		328FE99827DE313900FE22B2 /* CollectionSwipableCellExtension.swift in Sources */ = {isa = PBXBuildFile; fileRef = 328FE99727DE313700FE22B2 /* CollectionSwipableCellExtension.swift */; };
		328FE99A27DE318500FE22B2 /* CollectionSwipableCellOneButtonLayout.swift in Sources */ = {isa = PBXBuildFile; fileRef = 328FE99927DE318500FE22B2 /* CollectionSwipableCellOneButtonLayout.swift */; };
		328FE99C27DE31E500FE22B2 /* UICollectionViewCell+CollectionSwipableCellExtension.swift in Sources */ = {isa = PBXBuildFile; fileRef = 328FE99B27DE31E500FE22B2 /* UICollectionViewCell+CollectionSwipableCellExtension.swift */; };
		328FE99E27DE320A00FE22B2 /* UITableViewCell+CollectionSwipableCellExtension.swift in Sources */ = {isa = PBXBuildFile; fileRef = 328FE99D27DE320A00FE22B2 /* UITableViewCell+CollectionSwipableCellExtension.swift */; };
		328FE9A027DE323800FE22B2 /* CollectionSwipableCellHandler.swift in Sources */ = {isa = PBXBuildFile; fileRef = 328FE99F27DE323800FE22B2 /* CollectionSwipableCellHandler.swift */; };
		328FE9A227DE326900FE22B2 /* SwipableCellLayouter.swift in Sources */ = {isa = PBXBuildFile; fileRef = 328FE9A127DE326900FE22B2 /* SwipableCellLayouter.swift */; };
		328FE9A427DE32A600FE22B2 /* SwipableCollection.swift in Sources */ = {isa = PBXBuildFile; fileRef = 328FE9A327DE32A600FE22B2 /* SwipableCollection.swift */; };
		328FE9A627DE32F100FE22B2 /* SwipableUICollectionView.swift in Sources */ = {isa = PBXBuildFile; fileRef = 328FE9A527DE32F100FE22B2 /* SwipableUICollectionView.swift */; };
		328FE9A827DE331300FE22B2 /* SwipableUITableView.swift in Sources */ = {isa = PBXBuildFile; fileRef = 328FE9A727DE331300FE22B2 /* SwipableUITableView.swift */; };
		328FE9AB27DE42D000FE22B2 /* SwipeableCollectionViewCell.swift in Sources */ = {isa = PBXBuildFile; fileRef = 328FE9AA27DE42D000FE22B2 /* SwipeableCollectionViewCell.swift */; };
		328FE9AE27DE484B00FE22B2 /* SwipeCellKit in Frameworks */ = {isa = PBXBuildFile; productRef = 328FE9AD27DE484B00FE22B2 /* SwipeCellKit */; };
		328FE9B127E0B16700FE22B2 /* ResetPasswordViewController.swift in Sources */ = {isa = PBXBuildFile; fileRef = 328FE9B027E0B16500FE22B2 /* ResetPasswordViewController.swift */; };
		328FE9B327E0E14000FE22B2 /* WishlistController.swift in Sources */ = {isa = PBXBuildFile; fileRef = 328FE9B227E0E14000FE22B2 /* WishlistController.swift */; };
		3293EC6D27DBC6E300B97997 /* APIClientTests.swift in Sources */ = {isa = PBXBuildFile; fileRef = 3293EC6C27DBC6E300B97997 /* APIClientTests.swift */; };
		3293EC7927DC020D00B97997 /* CustomerCoordinator.swift in Sources */ = {isa = PBXBuildFile; fileRef = 3293EC7727DC020D00B97997 /* CustomerCoordinator.swift */; };
		3293EC7A27DC020D00B97997 /* CustomerCoordinator.xib in Resources */ = {isa = PBXBuildFile; fileRef = 3293EC7827DC020D00B97997 /* CustomerCoordinator.xib */; };
		3293EC7C27DC02FA00B97997 /* Storyboard+ViewController.swift in Sources */ = {isa = PBXBuildFile; fileRef = 3293EC7B27DC02FA00B97997 /* Storyboard+ViewController.swift */; };
		3293EC7E27DC039C00B97997 /* NSObject+Name.swift in Sources */ = {isa = PBXBuildFile; fileRef = 3293EC7D27DC039C00B97997 /* NSObject+Name.swift */; };
		3293EC8027DC050600B97997 /* AccountController.swift in Sources */ = {isa = PBXBuildFile; fileRef = 3293EC7F27DC050600B97997 /* AccountController.swift */; };
		3293EC8227DC12D600B97997 /* CustomerHeaderViewController.swift in Sources */ = {isa = PBXBuildFile; fileRef = 3293EC8127DC12D600B97997 /* CustomerHeaderViewController.swift */; };
		3293EC8527DCF76800B97997 /* CartViewController.swift in Sources */ = {isa = PBXBuildFile; fileRef = 3293EC8327DCF76700B97997 /* CartViewController.swift */; };
		3293EC8627DCF76900B97997 /* CartViewController.xib in Resources */ = {isa = PBXBuildFile; fileRef = 3293EC8427DCF76800B97997 /* CartViewController.xib */; };
		3293EC8B27DD1A8100B97997 /* CartItemViewModel.swift in Sources */ = {isa = PBXBuildFile; fileRef = 3293EC8827DD1A7F00B97997 /* CartItemViewModel.swift */; };
		3293EC8C27DD1A8100B97997 /* CartController.swift in Sources */ = {isa = PBXBuildFile; fileRef = 3293EC8927DD1A8000B97997 /* CartController.swift */; };
		3293EC8D27DD1A8100B97997 /* CartItem.swift in Sources */ = {isa = PBXBuildFile; fileRef = 3293EC8A27DD1A8100B97997 /* CartItem.swift */; };
		3293EC8F27DD1BA300B97997 /* ParallaxViewController.swift in Sources */ = {isa = PBXBuildFile; fileRef = 3293EC8E27DD1BA200B97997 /* ParallaxViewController.swift */; };
		3293EC9227DD1C9800B97997 /* TotalsViewController.swift in Sources */ = {isa = PBXBuildFile; fileRef = 3293EC9027DD1C9800B97997 /* TotalsViewController.swift */; };
		3293EC9327DD1C9800B97997 /* TotalsViewController.xib in Resources */ = {isa = PBXBuildFile; fileRef = 3293EC9127DD1C9800B97997 /* TotalsViewController.xib */; };
		3293EC9527DD1E9100B97997 /* RoundedButton.swift in Sources */ = {isa = PBXBuildFile; fileRef = 3293EC9427DD1E9100B97997 /* RoundedButton.swift */; };
		3293EC9727DD274100B97997 /* WebViewController.swift in Sources */ = {isa = PBXBuildFile; fileRef = 3293EC9627DD274100B97997 /* WebViewController.swift */; };
		3293ECA127DD27BD00B97997 /* LineItemViewModel.swift in Sources */ = {isa = PBXBuildFile; fileRef = 3293EC9927DD27BB00B97997 /* LineItemViewModel.swift */; };
		3293ECA227DD27BD00B97997 /* DiscountAllocationViewModel.swift in Sources */ = {isa = PBXBuildFile; fileRef = 3293EC9A27DD27BB00B97997 /* DiscountAllocationViewModel.swift */; };
		3293ECA327DD27BD00B97997 /* CreditCardViewModel.swift in Sources */ = {isa = PBXBuildFile; fileRef = 3293EC9B27DD27BB00B97997 /* CreditCardViewModel.swift */; };
		3293ECA427DD27BD00B97997 /* GiftCardViewModel.swift in Sources */ = {isa = PBXBuildFile; fileRef = 3293EC9C27DD27BC00B97997 /* GiftCardViewModel.swift */; };
		3293ECA527DD27BD00B97997 /* PaymentViewModel.swift in Sources */ = {isa = PBXBuildFile; fileRef = 3293EC9D27DD27BC00B97997 /* PaymentViewModel.swift */; };
		3293ECA627DD27BD00B97997 /* CheckoutViewModel.swift in Sources */ = {isa = PBXBuildFile; fileRef = 3293EC9E27DD27BC00B97997 /* CheckoutViewModel.swift */; };
		3293ECA727DD27BD00B97997 /* AddressViewModel.swift in Sources */ = {isa = PBXBuildFile; fileRef = 3293EC9F27DD27BC00B97997 /* AddressViewModel.swift */; };
		3293ECA827DD27BD00B97997 /* ShippingRateViewModel.swift in Sources */ = {isa = PBXBuildFile; fileRef = 3293ECA027DD27BD00B97997 /* ShippingRateViewModel.swift */; };
		3293ECAE27DD28FB00B97997 /* ShippingRateViewModel+PayShippingRate.swift in Sources */ = {isa = PBXBuildFile; fileRef = 3293ECAA27DD28FA00B97997 /* ShippingRateViewModel+PayShippingRate.swift */; };
		3293ECAF27DD28FB00B97997 /* GiftCardViewModel+PayGiftCard.swift in Sources */ = {isa = PBXBuildFile; fileRef = 3293ECAB27DD28FA00B97997 /* GiftCardViewModel+PayGiftCard.swift */; };
		3293ECB027DD28FB00B97997 /* AddressViewModel+PayAddress.swift in Sources */ = {isa = PBXBuildFile; fileRef = 3293ECAC27DD28FA00B97997 /* AddressViewModel+PayAddress.swift */; };
		3293ECB127DD28FB00B97997 /* CheckoutViewModel+PayCheckout.swift in Sources */ = {isa = PBXBuildFile; fileRef = 3293ECAD27DD28FB00B97997 /* CheckoutViewModel+PayCheckout.swift */; };
		329F260727D98882006A2897 /* Buy in Frameworks */ = {isa = PBXBuildFile; productRef = 329F260627D98882006A2897 /* Buy */; };
		329F260927D98882006A2897 /* Pay in Frameworks */ = {isa = PBXBuildFile; productRef = 329F260827D98882006A2897 /* Pay */; };
		32EEEE8727DA128C00188547 /* ClientQuery.swift in Sources */ = {isa = PBXBuildFile; fileRef = 32EEEE8627DA128C00188547 /* ClientQuery.swift */; };
		32EEEF5427DA131000188547 /* GraphQL+Serializable.swift in Sources */ = {isa = PBXBuildFile; fileRef = 32EEEF5327DA131000188547 /* GraphQL+Serializable.swift */; };
		32EEEF5E27DA131D00188547 /* Fragment+VariantConnectionQuery.swift in Sources */ = {isa = PBXBuildFile; fileRef = 32EEEF5527DA131B00188547 /* Fragment+VariantConnectionQuery.swift */; };
		32EEEF5F27DA131D00188547 /* Fragment+ProductConnectionQuery.swift in Sources */ = {isa = PBXBuildFile; fileRef = 32EEEF5627DA131B00188547 /* Fragment+ProductConnectionQuery.swift */; };
		32EEEF6027DA131D00188547 /* Fragment+OrderConnectionQuery.swift in Sources */ = {isa = PBXBuildFile; fileRef = 32EEEF5727DA131B00188547 /* Fragment+OrderConnectionQuery.swift */; };
		32EEEF6127DA131D00188547 /* Fragment+PaymentQuery.swift in Sources */ = {isa = PBXBuildFile; fileRef = 32EEEF5827DA131C00188547 /* Fragment+PaymentQuery.swift */; };
		32EEEF6227DA131D00188547 /* Fragment+ImageConnectionQuery.swift in Sources */ = {isa = PBXBuildFile; fileRef = 32EEEF5927DA131C00188547 /* Fragment+ImageConnectionQuery.swift */; };
		32EEEF6327DA131D00188547 /* Fragment+DiscountAllocation.swift in Sources */ = {isa = PBXBuildFile; fileRef = 32EEEF5A27DA131C00188547 /* Fragment+DiscountAllocation.swift */; };
		32EEEF6427DA131D00188547 /* Fragment+DiscountApplication.swift in Sources */ = {isa = PBXBuildFile; fileRef = 32EEEF5B27DA131C00188547 /* Fragment+DiscountApplication.swift */; };
		32EEEF6527DA131D00188547 /* Fragment+OrderLineItemConnectionQuery.swift in Sources */ = {isa = PBXBuildFile; fileRef = 32EEEF5C27DA131C00188547 /* Fragment+OrderLineItemConnectionQuery.swift */; };
		32EEEF6627DA131D00188547 /* Fragment+CheckoutQuery.swift in Sources */ = {isa = PBXBuildFile; fileRef = 32EEEF5D27DA131D00188547 /* Fragment+CheckoutQuery.swift */; };
		32EEEF6827DA136300188547 /* PaginatedArray.swift in Sources */ = {isa = PBXBuildFile; fileRef = 32EEEF6727DA136300188547 /* PaginatedArray.swift */; };
		32EEEF7027DA138D00188547 /* ImageViewModel.swift in Sources */ = {isa = PBXBuildFile; fileRef = 32EEEF6A27DA138C00188547 /* ImageViewModel.swift */; };
		32EEEF7127DA138D00188547 /* CustomerViewModel.swift in Sources */ = {isa = PBXBuildFile; fileRef = 32EEEF6B27DA138C00188547 /* CustomerViewModel.swift */; };
		32EEEF7227DA138D00188547 /* CollectionViewModel.swift in Sources */ = {isa = PBXBuildFile; fileRef = 32EEEF6C27DA138C00188547 /* CollectionViewModel.swift */; };
		32EEEF7327DA138D00188547 /* OrderViewModel.swift in Sources */ = {isa = PBXBuildFile; fileRef = 32EEEF6D27DA138C00188547 /* OrderViewModel.swift */; };
		32EEEF7427DA138D00188547 /* ProductViewModel.swift in Sources */ = {isa = PBXBuildFile; fileRef = 32EEEF6E27DA138D00188547 /* ProductViewModel.swift */; };
		32EEEF7527DA138D00188547 /* VariantViewModel.swift in Sources */ = {isa = PBXBuildFile; fileRef = 32EEEF6F27DA138D00188547 /* VariantViewModel.swift */; };
		32EEEF7827DA13EF00188547 /* Currency.swift in Sources */ = {isa = PBXBuildFile; fileRef = 32EEEF7727DA13EE00188547 /* Currency.swift */; };
		32EEEF7E27DA142500188547 /* ViewModel.swift in Sources */ = {isa = PBXBuildFile; fileRef = 32EEEF7A27DA142500188547 /* ViewModel.swift */; };
		32EEEF7F27DA142500188547 /* ViewModelConfigurable.swift in Sources */ = {isa = PBXBuildFile; fileRef = 32EEEF7B27DA142500188547 /* ViewModelConfigurable.swift */; };
		32EEEF8027DA142500188547 /* Serializable.swift in Sources */ = {isa = PBXBuildFile; fileRef = 32EEEF7C27DA142500188547 /* Serializable.swift */; };
		32EEEF8127DA142500188547 /* ViewModeling.swift in Sources */ = {isa = PBXBuildFile; fileRef = 32EEEF7D27DA142500188547 /* ViewModeling.swift */; };
		32EEEF8427DA261A00188547 /* StorefrontCollectionView.swift in Sources */ = {isa = PBXBuildFile; fileRef = 32EEEF8327DA261A00188547 /* StorefrontCollectionView.swift */; };
		32EEEF8627DA265700188547 /* Paginating.swift in Sources */ = {isa = PBXBuildFile; fileRef = 32EEEF8527DA265700188547 /* Paginating.swift */; };
		32EEEF8A27DA303F00188547 /* CategoriesCollectionViewCell.swift in Sources */ = {isa = PBXBuildFile; fileRef = 32EEEF8827DA303F00188547 /* CategoriesCollectionViewCell.swift */; };
		32EEEF8B27DA303F00188547 /* CategoriesCollectionViewCell.xib in Resources */ = {isa = PBXBuildFile; fileRef = 32EEEF8927DA303F00188547 /* CategoriesCollectionViewCell.xib */; };
		32EEEF8D27DA314900188547 /* Extensions.swift in Sources */ = {isa = PBXBuildFile; fileRef = 32EEEF8C27DA314900188547 /* Extensions.swift */; };
		32EEEF9027DA398200188547 /* UIImageView+Remote.swift in Sources */ = {isa = PBXBuildFile; fileRef = 32EEEF8F27DA398200188547 /* UIImageView+Remote.swift */; };
/* End PBXBuildFile section */

/* Begin PBXContainerItemProxy section */
		18DF298827D9719D006FE3C6 /* PBXContainerItemProxy */ = {
			isa = PBXContainerItemProxy;
			containerPortal = 18DF296627D97198006FE3C6 /* Project object */;
			proxyType = 1;
			remoteGlobalIDString = 18DF296D27D97198006FE3C6;
			remoteInfo = BuyIN;
		};
		18DF299327D9719D006FE3C6 /* PBXContainerItemProxy */ = {
			isa = PBXContainerItemProxy;
			containerPortal = 18DF296627D97198006FE3C6 /* Project object */;
			proxyType = 1;
			remoteGlobalIDString = 18DF296D27D97198006FE3C6;
			remoteInfo = BuyIN;
		};
/* End PBXContainerItemProxy section */

/* Begin PBXFileReference section */
		0A7346E127DB553500F0D5C0 /* FlashSaleSectionHeaderCollectionReusableView.swift */ = {isa = PBXFileReference; lastKnownFileType = sourcecode.swift; path = FlashSaleSectionHeaderCollectionReusableView.swift; sourceTree = "<group>"; };
		0A7346E327DB642900F0D5C0 /* RecentlyAddedHeaderCollectionReusableView.swift */ = {isa = PBXFileReference; lastKnownFileType = sourcecode.swift; path = RecentlyAddedHeaderCollectionReusableView.swift; sourceTree = "<group>"; };
		0A7346E527DB86CE00F0D5C0 /* HeroHeaderCollectionViewCell.swift */ = {isa = PBXFileReference; lastKnownFileType = sourcecode.swift; path = HeroHeaderCollectionViewCell.swift; sourceTree = "<group>"; };
		0A7346E727DB971500F0D5C0 /* HeroCategoriesCollectionViewCell.swift */ = {isa = PBXFileReference; lastKnownFileType = sourcecode.swift; path = HeroCategoriesCollectionViewCell.swift; sourceTree = "<group>"; };
		0A7346E927DBC80F00F0D5C0 /* CategoryCollectionViewCell.swift */ = {isa = PBXFileReference; lastKnownFileType = sourcecode.swift; path = CategoryCollectionViewCell.swift; sourceTree = "<group>"; };
		0A7346EB27DBDF1D00F0D5C0 /* RecentlyAddedCollectionViewCell.swift */ = {isa = PBXFileReference; lastKnownFileType = sourcecode.swift; path = RecentlyAddedCollectionViewCell.swift; sourceTree = "<group>"; };
		0A7346F427DC894900F0D5C0 /* ProductDetailsViewController.swift */ = {isa = PBXFileReference; lastKnownFileType = sourcecode.swift; path = ProductDetailsViewController.swift; sourceTree = "<group>"; };
		0A73472427DC9DF200F0D5C0 /* PreviewCollectionHeaderCollectionReusableView.swift */ = {isa = PBXFileReference; lastKnownFileType = sourcecode.swift; path = PreviewCollectionHeaderCollectionReusableView.swift; sourceTree = "<group>"; };
		0A73472627DCE64600F0D5C0 /* PreviewAnglesCollectionViewCell.swift */ = {isa = PBXFileReference; lastKnownFileType = sourcecode.swift; path = PreviewAnglesCollectionViewCell.swift; sourceTree = "<group>"; };
		0A73472827DCF7FB00F0D5C0 /* ProductHeaderCollectionViewCell.swift */ = {isa = PBXFileReference; lastKnownFileType = sourcecode.swift; path = ProductHeaderCollectionViewCell.swift; sourceTree = "<group>"; };
		0A73472A27DD255F00F0D5C0 /* ProductPreviewDescriptionCollectionViewCell.swift */ = {isa = PBXFileReference; lastKnownFileType = sourcecode.swift; path = ProductPreviewDescriptionCollectionViewCell.swift; sourceTree = "<group>"; };
		0A73472C27DD366E00F0D5C0 /* RelevantCollectionReusableView.swift */ = {isa = PBXFileReference; lastKnownFileType = sourcecode.swift; path = RelevantCollectionReusableView.swift; sourceTree = "<group>"; };
		0A73473A27DF3E7800F0D5C0 /* RegistrationViewController.swift */ = {isa = PBXFileReference; fileEncoding = 4; lastKnownFileType = sourcecode.swift; path = RegistrationViewController.swift; sourceTree = "<group>"; };
		0A73473B27DF3E7800F0D5C0 /* OnboardingParentViewController.swift */ = {isa = PBXFileReference; fileEncoding = 4; lastKnownFileType = sourcecode.swift; path = OnboardingParentViewController.swift; sourceTree = "<group>"; };
		0A73473C27DF3E7800F0D5C0 /* LoginViewController.swift */ = {isa = PBXFileReference; fileEncoding = 4; lastKnownFileType = sourcecode.swift; path = LoginViewController.swift; sourceTree = "<group>"; };
		0A73473D27DF3E7800F0D5C0 /* WelcomingViewController.swift */ = {isa = PBXFileReference; fileEncoding = 4; lastKnownFileType = sourcecode.swift; path = WelcomingViewController.swift; sourceTree = "<group>"; };
		0A73474227DFAAFD00F0D5C0 /* TermsAndConditionsViewController.swift */ = {isa = PBXFileReference; lastKnownFileType = sourcecode.swift; path = TermsAndConditionsViewController.swift; sourceTree = "<group>"; };
		0A73474427DFADC000F0D5C0 /* TermsAndConditionsTableViewCell.swift */ = {isa = PBXFileReference; lastKnownFileType = sourcecode.swift; path = TermsAndConditionsTableViewCell.swift; sourceTree = "<group>"; };
		0A73474927E0BADA00F0D5C0 /* GifLoad.swift */ = {isa = PBXFileReference; lastKnownFileType = sourcecode.swift; path = GifLoad.swift; sourceTree = "<group>"; };
		0A73474B27E0BB6D00F0D5C0 /* bannerGif.gif */ = {isa = PBXFileReference; lastKnownFileType = image.gif; path = bannerGif.gif; sourceTree = "<group>"; };
		0A73474D27E0C57600F0D5C0 /* GifCollectionViewCell.swift */ = {isa = PBXFileReference; lastKnownFileType = sourcecode.swift; path = GifCollectionViewCell.swift; sourceTree = "<group>"; };
		0A73475927E2558600F0D5C0 /* BannerCollectionViewCell.swift */ = {isa = PBXFileReference; lastKnownFileType = sourcecode.swift; path = BannerCollectionViewCell.swift; sourceTree = "<group>"; };
		0A73475B27E2569200F0D5C0 /* PillPageControl.swift */ = {isa = PBXFileReference; fileEncoding = 4; lastKnownFileType = sourcecode.swift; path = PillPageControl.swift; sourceTree = "<group>"; };
		0A73475F27E25EB200F0D5C0 /* ProductCardViewController.swift */ = {isa = PBXFileReference; lastKnownFileType = sourcecode.swift; path = ProductCardViewController.swift; sourceTree = "<group>"; };
		186199EA27DA6AC000470847 /* WishListCollectionViewCell.swift */ = {isa = PBXFileReference; lastKnownFileType = sourcecode.swift; path = WishListCollectionViewCell.swift; sourceTree = "<group>"; };
		186199EB27DA6AC000470847 /* WishListCollectionViewCell.xib */ = {isa = PBXFileReference; lastKnownFileType = file.xib; path = WishListCollectionViewCell.xib; sourceTree = "<group>"; };
		186199F727DBEF6E00470847 /* ProductsViewController.swift */ = {isa = PBXFileReference; lastKnownFileType = sourcecode.swift; path = ProductsViewController.swift; sourceTree = "<group>"; };
		186199F827DBEF6E00470847 /* ProductsViewController.xib */ = {isa = PBXFileReference; lastKnownFileType = file.xib; path = ProductsViewController.xib; sourceTree = "<group>"; };
		18619A0627DC094500470847 /* ProductsCellCollectionViewCell.swift */ = {isa = PBXFileReference; lastKnownFileType = sourcecode.swift; path = ProductsCellCollectionViewCell.swift; sourceTree = "<group>"; };
		18619A0727DC094500470847 /* ProductsCellCollectionViewCell.xib */ = {isa = PBXFileReference; lastKnownFileType = file.xib; path = ProductsCellCollectionViewCell.xib; sourceTree = "<group>"; };
		18619A2F27DD494200470847 /* OrdersViewController.swift */ = {isa = PBXFileReference; lastKnownFileType = sourcecode.swift; path = OrdersViewController.swift; sourceTree = "<group>"; };
		18619A3027DD494200470847 /* OrdersViewController.xib */ = {isa = PBXFileReference; lastKnownFileType = file.xib; path = OrdersViewController.xib; sourceTree = "<group>"; };
		18619A3627DD4A2200470847 /* WishListViewController.swift */ = {isa = PBXFileReference; lastKnownFileType = sourcecode.swift; path = WishListViewController.swift; sourceTree = "<group>"; };
		18619A3727DD4A2200470847 /* WishListViewController.xib */ = {isa = PBXFileReference; lastKnownFileType = file.xib; path = WishListViewController.xib; sourceTree = "<group>"; };
		18619A4027DDF63600470847 /* WishListTableViewCell.swift */ = {isa = PBXFileReference; lastKnownFileType = sourcecode.swift; path = WishListTableViewCell.swift; sourceTree = "<group>"; };
		18619A4127DDF63600470847 /* WishListTableViewCell.xib */ = {isa = PBXFileReference; lastKnownFileType = file.xib; path = WishListTableViewCell.xib; sourceTree = "<group>"; };
		18619A4727DE221300470847 /* UpdatedWishListCollectionViewCell.swift */ = {isa = PBXFileReference; lastKnownFileType = sourcecode.swift; path = UpdatedWishListCollectionViewCell.swift; sourceTree = "<group>"; };
		18619A4827DE221300470847 /* UpdatedWishListCollectionViewCell.xib */ = {isa = PBXFileReference; lastKnownFileType = file.xib; path = UpdatedWishListCollectionViewCell.xib; sourceTree = "<group>"; };
		18696DED27DE75BC00EB59C9 /* OrderCollectionViewCell.swift */ = {isa = PBXFileReference; lastKnownFileType = sourcecode.swift; path = OrderCollectionViewCell.swift; sourceTree = "<group>"; };
		18696DEE27DE75BC00EB59C9 /* OrderCollectionViewCell.xib */ = {isa = PBXFileReference; lastKnownFileType = file.xib; path = OrderCollectionViewCell.xib; sourceTree = "<group>"; };
		187F86AA27DFE2B50053C82B /* OrdersDetailsViewController.swift */ = {isa = PBXFileReference; lastKnownFileType = sourcecode.swift; path = OrdersDetailsViewController.swift; sourceTree = "<group>"; };
		187F86AB27DFE2B50053C82B /* OrdersDetailsViewController.xib */ = {isa = PBXFileReference; lastKnownFileType = file.xib; path = OrdersDetailsViewController.xib; sourceTree = "<group>"; };
		187F86B127DFF4560053C82B /* OrderDetailsCollectionViewCell.swift */ = {isa = PBXFileReference; lastKnownFileType = sourcecode.swift; path = OrderDetailsCollectionViewCell.swift; sourceTree = "<group>"; };
		187F86B227DFF4560053C82B /* OrderDetailsCollectionViewCell.xib */ = {isa = PBXFileReference; lastKnownFileType = file.xib; path = OrderDetailsCollectionViewCell.xib; sourceTree = "<group>"; };
		18DF296E27D97198006FE3C6 /* BuyIN.app */ = {isa = PBXFileReference; explicitFileType = wrapper.application; includeInIndex = 0; path = BuyIN.app; sourceTree = BUILT_PRODUCTS_DIR; };
		18DF297127D97198006FE3C6 /* AppDelegate.swift */ = {isa = PBXFileReference; lastKnownFileType = sourcecode.swift; path = AppDelegate.swift; sourceTree = "<group>"; };
		18DF297327D97198006FE3C6 /* SceneDelegate.swift */ = {isa = PBXFileReference; lastKnownFileType = sourcecode.swift; path = SceneDelegate.swift; sourceTree = "<group>"; };
		18DF297527D97198006FE3C6 /* HomeViewController.swift */ = {isa = PBXFileReference; lastKnownFileType = sourcecode.swift; path = HomeViewController.swift; sourceTree = "<group>"; };
		18DF297827D97198006FE3C6 /* Base */ = {isa = PBXFileReference; lastKnownFileType = file.storyboard; name = Base; path = Base.lproj/Main.storyboard; sourceTree = "<group>"; };
		18DF297B27D97198006FE3C6 /* BuyIN.xcdatamodel */ = {isa = PBXFileReference; lastKnownFileType = wrapper.xcdatamodel; path = BuyIN.xcdatamodel; sourceTree = "<group>"; };
		18DF297D27D9719C006FE3C6 /* Assets.xcassets */ = {isa = PBXFileReference; lastKnownFileType = folder.assetcatalog; path = Assets.xcassets; sourceTree = "<group>"; };
		18DF298027D9719C006FE3C6 /* Base */ = {isa = PBXFileReference; lastKnownFileType = file.storyboard; name = Base; path = Base.lproj/LaunchScreen.storyboard; sourceTree = "<group>"; };
		18DF298227D9719C006FE3C6 /* Info.plist */ = {isa = PBXFileReference; lastKnownFileType = text.plist.xml; path = Info.plist; sourceTree = "<group>"; };
		18DF298727D9719D006FE3C6 /* BuyINTests.xctest */ = {isa = PBXFileReference; explicitFileType = wrapper.cfbundle; includeInIndex = 0; path = BuyINTests.xctest; sourceTree = BUILT_PRODUCTS_DIR; };
		18DF298B27D9719D006FE3C6 /* BuyINTests.swift */ = {isa = PBXFileReference; lastKnownFileType = sourcecode.swift; path = BuyINTests.swift; sourceTree = "<group>"; };
		18DF298D27D9719D006FE3C6 /* Info.plist */ = {isa = PBXFileReference; lastKnownFileType = text.plist.xml; path = Info.plist; sourceTree = "<group>"; };
		18DF299227D9719D006FE3C6 /* BuyINUITests.xctest */ = {isa = PBXFileReference; explicitFileType = wrapper.cfbundle; includeInIndex = 0; path = BuyINUITests.xctest; sourceTree = BUILT_PRODUCTS_DIR; };
		18DF299627D9719D006FE3C6 /* BuyINUITests.swift */ = {isa = PBXFileReference; lastKnownFileType = sourcecode.swift; path = BuyINUITests.swift; sourceTree = "<group>"; };
		18DF299827D9719D006FE3C6 /* Info.plist */ = {isa = PBXFileReference; lastKnownFileType = text.plist.xml; path = Info.plist; sourceTree = "<group>"; };
		18DF29AF27D98369006FE3C6 /* Client.swift */ = {isa = PBXFileReference; lastKnownFileType = sourcecode.swift; path = Client.swift; sourceTree = "<group>"; };
		18DF29B427D9872A006FE3C6 /* CategoriesViewController.swift */ = {isa = PBXFileReference; lastKnownFileType = sourcecode.swift; path = CategoriesViewController.swift; sourceTree = "<group>"; };
		18DF29B927D98740006FE3C6 /* ProfileViewController.swift */ = {isa = PBXFileReference; lastKnownFileType = sourcecode.swift; path = ProfileViewController.swift; sourceTree = "<group>"; };
		18DF29BE27DA125D006FE3C6 /* OrdersTableViewCell.swift */ = {isa = PBXFileReference; lastKnownFileType = sourcecode.swift; path = OrdersTableViewCell.swift; sourceTree = "<group>"; };
		18DF29BF27DA125D006FE3C6 /* OrdersTableViewCell.xib */ = {isa = PBXFileReference; lastKnownFileType = file.xib; path = OrdersTableViewCell.xib; sourceTree = "<group>"; };
		18DF29DE27DA42B9006FE3C6 /* UIViewExtension.swift */ = {isa = PBXFileReference; lastKnownFileType = sourcecode.swift; path = UIViewExtension.swift; sourceTree = "<group>"; };
		328C24BB27DA548200979917 /* ProductCollectionViewCell.swift */ = {isa = PBXFileReference; lastKnownFileType = sourcecode.swift; path = ProductCollectionViewCell.swift; sourceTree = "<group>"; };
		328C24BC27DA548300979917 /* ProductCollectionViewCell.xib */ = {isa = PBXFileReference; lastKnownFileType = file.xib; path = ProductCollectionViewCell.xib; sourceTree = "<group>"; };
		328FE98627DD39BE00FE22B2 /* ScriptCodeViewModel.swift */ = {isa = PBXFileReference; fileEncoding = 4; lastKnownFileType = sourcecode.swift; path = ScriptCodeViewModel.swift; sourceTree = "<group>"; };
		328FE98727DD39BE00FE22B2 /* DiscountCodeViewModel.swift */ = {isa = PBXFileReference; fileEncoding = 4; lastKnownFileType = sourcecode.swift; path = DiscountCodeViewModel.swift; sourceTree = "<group>"; };
		328FE98827DD39BF00FE22B2 /* DiscountApplication.swift */ = {isa = PBXFileReference; fileEncoding = 4; lastKnownFileType = sourcecode.swift; path = DiscountApplication.swift; sourceTree = "<group>"; };
		328FE98927DD39BF00FE22B2 /* ManualCodeViewModel.swift */ = {isa = PBXFileReference; fileEncoding = 4; lastKnownFileType = sourcecode.swift; path = ManualCodeViewModel.swift; sourceTree = "<group>"; };
		328FE99027DD758300FE22B2 /* CartCell.swift */ = {isa = PBXFileReference; lastKnownFileType = sourcecode.swift; path = CartCell.swift; sourceTree = "<group>"; };
		328FE99127DD758300FE22B2 /* CartCell.xib */ = {isa = PBXFileReference; lastKnownFileType = file.xib; path = CartCell.xib; sourceTree = "<group>"; };
		328FE99427DD825C00FE22B2 /* GMStepper.swift */ = {isa = PBXFileReference; lastKnownFileType = sourcecode.swift; path = GMStepper.swift; sourceTree = "<group>"; };
		328FE99727DE313700FE22B2 /* CollectionSwipableCellExtension.swift */ = {isa = PBXFileReference; lastKnownFileType = sourcecode.swift; path = CollectionSwipableCellExtension.swift; sourceTree = "<group>"; };
		328FE99927DE318500FE22B2 /* CollectionSwipableCellOneButtonLayout.swift */ = {isa = PBXFileReference; lastKnownFileType = sourcecode.swift; path = CollectionSwipableCellOneButtonLayout.swift; sourceTree = "<group>"; };
		328FE99B27DE31E500FE22B2 /* UICollectionViewCell+CollectionSwipableCellExtension.swift */ = {isa = PBXFileReference; lastKnownFileType = sourcecode.swift; path = "UICollectionViewCell+CollectionSwipableCellExtension.swift"; sourceTree = "<group>"; };
		328FE99D27DE320A00FE22B2 /* UITableViewCell+CollectionSwipableCellExtension.swift */ = {isa = PBXFileReference; lastKnownFileType = sourcecode.swift; path = "UITableViewCell+CollectionSwipableCellExtension.swift"; sourceTree = "<group>"; };
		328FE99F27DE323800FE22B2 /* CollectionSwipableCellHandler.swift */ = {isa = PBXFileReference; lastKnownFileType = sourcecode.swift; path = CollectionSwipableCellHandler.swift; sourceTree = "<group>"; };
		328FE9A127DE326900FE22B2 /* SwipableCellLayouter.swift */ = {isa = PBXFileReference; lastKnownFileType = sourcecode.swift; path = SwipableCellLayouter.swift; sourceTree = "<group>"; };
		328FE9A327DE32A600FE22B2 /* SwipableCollection.swift */ = {isa = PBXFileReference; lastKnownFileType = sourcecode.swift; path = SwipableCollection.swift; sourceTree = "<group>"; };
		328FE9A527DE32F100FE22B2 /* SwipableUICollectionView.swift */ = {isa = PBXFileReference; lastKnownFileType = sourcecode.swift; path = SwipableUICollectionView.swift; sourceTree = "<group>"; };
		328FE9A727DE331300FE22B2 /* SwipableUITableView.swift */ = {isa = PBXFileReference; lastKnownFileType = sourcecode.swift; path = SwipableUITableView.swift; sourceTree = "<group>"; };
		328FE9AA27DE42D000FE22B2 /* SwipeableCollectionViewCell.swift */ = {isa = PBXFileReference; lastKnownFileType = sourcecode.swift; path = SwipeableCollectionViewCell.swift; sourceTree = "<group>"; };
		328FE9B027E0B16500FE22B2 /* ResetPasswordViewController.swift */ = {isa = PBXFileReference; lastKnownFileType = sourcecode.swift; path = ResetPasswordViewController.swift; sourceTree = "<group>"; };
		328FE9B227E0E14000FE22B2 /* WishlistController.swift */ = {isa = PBXFileReference; lastKnownFileType = sourcecode.swift; path = WishlistController.swift; sourceTree = "<group>"; };
		3293EC6C27DBC6E300B97997 /* APIClientTests.swift */ = {isa = PBXFileReference; lastKnownFileType = sourcecode.swift; path = APIClientTests.swift; sourceTree = "<group>"; };
		3293EC7727DC020D00B97997 /* CustomerCoordinator.swift */ = {isa = PBXFileReference; lastKnownFileType = sourcecode.swift; path = CustomerCoordinator.swift; sourceTree = "<group>"; };
		3293EC7827DC020D00B97997 /* CustomerCoordinator.xib */ = {isa = PBXFileReference; lastKnownFileType = file.xib; path = CustomerCoordinator.xib; sourceTree = "<group>"; };
		3293EC7B27DC02FA00B97997 /* Storyboard+ViewController.swift */ = {isa = PBXFileReference; fileEncoding = 4; lastKnownFileType = sourcecode.swift; path = "Storyboard+ViewController.swift"; sourceTree = "<group>"; };
		3293EC7D27DC039C00B97997 /* NSObject+Name.swift */ = {isa = PBXFileReference; fileEncoding = 4; lastKnownFileType = sourcecode.swift; path = "NSObject+Name.swift"; sourceTree = "<group>"; };
		3293EC7F27DC050600B97997 /* AccountController.swift */ = {isa = PBXFileReference; fileEncoding = 4; lastKnownFileType = sourcecode.swift; path = AccountController.swift; sourceTree = "<group>"; };
		3293EC8127DC12D600B97997 /* CustomerHeaderViewController.swift */ = {isa = PBXFileReference; lastKnownFileType = sourcecode.swift; path = CustomerHeaderViewController.swift; sourceTree = "<group>"; };
		3293EC8327DCF76700B97997 /* CartViewController.swift */ = {isa = PBXFileReference; lastKnownFileType = sourcecode.swift; path = CartViewController.swift; sourceTree = "<group>"; };
		3293EC8427DCF76800B97997 /* CartViewController.xib */ = {isa = PBXFileReference; lastKnownFileType = file.xib; path = CartViewController.xib; sourceTree = "<group>"; };
		3293EC8827DD1A7F00B97997 /* CartItemViewModel.swift */ = {isa = PBXFileReference; fileEncoding = 4; lastKnownFileType = sourcecode.swift; path = CartItemViewModel.swift; sourceTree = "<group>"; };
		3293EC8927DD1A8000B97997 /* CartController.swift */ = {isa = PBXFileReference; fileEncoding = 4; lastKnownFileType = sourcecode.swift; path = CartController.swift; sourceTree = "<group>"; };
		3293EC8A27DD1A8100B97997 /* CartItem.swift */ = {isa = PBXFileReference; fileEncoding = 4; lastKnownFileType = sourcecode.swift; path = CartItem.swift; sourceTree = "<group>"; };
		3293EC8E27DD1BA200B97997 /* ParallaxViewController.swift */ = {isa = PBXFileReference; fileEncoding = 4; lastKnownFileType = sourcecode.swift; path = ParallaxViewController.swift; sourceTree = "<group>"; };
		3293EC9027DD1C9800B97997 /* TotalsViewController.swift */ = {isa = PBXFileReference; lastKnownFileType = sourcecode.swift; path = TotalsViewController.swift; sourceTree = "<group>"; };
		3293EC9127DD1C9800B97997 /* TotalsViewController.xib */ = {isa = PBXFileReference; lastKnownFileType = file.xib; path = TotalsViewController.xib; sourceTree = "<group>"; };
		3293EC9427DD1E9100B97997 /* RoundedButton.swift */ = {isa = PBXFileReference; fileEncoding = 4; lastKnownFileType = sourcecode.swift; path = RoundedButton.swift; sourceTree = "<group>"; };
		3293EC9627DD274100B97997 /* WebViewController.swift */ = {isa = PBXFileReference; fileEncoding = 4; lastKnownFileType = sourcecode.swift; path = WebViewController.swift; sourceTree = "<group>"; };
		3293EC9927DD27BB00B97997 /* LineItemViewModel.swift */ = {isa = PBXFileReference; fileEncoding = 4; lastKnownFileType = sourcecode.swift; path = LineItemViewModel.swift; sourceTree = "<group>"; };
		3293EC9A27DD27BB00B97997 /* DiscountAllocationViewModel.swift */ = {isa = PBXFileReference; fileEncoding = 4; lastKnownFileType = sourcecode.swift; path = DiscountAllocationViewModel.swift; sourceTree = "<group>"; };
		3293EC9B27DD27BB00B97997 /* CreditCardViewModel.swift */ = {isa = PBXFileReference; fileEncoding = 4; lastKnownFileType = sourcecode.swift; path = CreditCardViewModel.swift; sourceTree = "<group>"; };
		3293EC9C27DD27BC00B97997 /* GiftCardViewModel.swift */ = {isa = PBXFileReference; fileEncoding = 4; lastKnownFileType = sourcecode.swift; path = GiftCardViewModel.swift; sourceTree = "<group>"; };
		3293EC9D27DD27BC00B97997 /* PaymentViewModel.swift */ = {isa = PBXFileReference; fileEncoding = 4; lastKnownFileType = sourcecode.swift; path = PaymentViewModel.swift; sourceTree = "<group>"; };
		3293EC9E27DD27BC00B97997 /* CheckoutViewModel.swift */ = {isa = PBXFileReference; fileEncoding = 4; lastKnownFileType = sourcecode.swift; path = CheckoutViewModel.swift; sourceTree = "<group>"; };
		3293EC9F27DD27BC00B97997 /* AddressViewModel.swift */ = {isa = PBXFileReference; fileEncoding = 4; lastKnownFileType = sourcecode.swift; path = AddressViewModel.swift; sourceTree = "<group>"; };
		3293ECA027DD27BD00B97997 /* ShippingRateViewModel.swift */ = {isa = PBXFileReference; fileEncoding = 4; lastKnownFileType = sourcecode.swift; path = ShippingRateViewModel.swift; sourceTree = "<group>"; };
		3293ECAA27DD28FA00B97997 /* ShippingRateViewModel+PayShippingRate.swift */ = {isa = PBXFileReference; fileEncoding = 4; lastKnownFileType = sourcecode.swift; path = "ShippingRateViewModel+PayShippingRate.swift"; sourceTree = "<group>"; };
		3293ECAB27DD28FA00B97997 /* GiftCardViewModel+PayGiftCard.swift */ = {isa = PBXFileReference; fileEncoding = 4; lastKnownFileType = sourcecode.swift; path = "GiftCardViewModel+PayGiftCard.swift"; sourceTree = "<group>"; };
		3293ECAC27DD28FA00B97997 /* AddressViewModel+PayAddress.swift */ = {isa = PBXFileReference; fileEncoding = 4; lastKnownFileType = sourcecode.swift; path = "AddressViewModel+PayAddress.swift"; sourceTree = "<group>"; };
		3293ECAD27DD28FB00B97997 /* CheckoutViewModel+PayCheckout.swift */ = {isa = PBXFileReference; fileEncoding = 4; lastKnownFileType = sourcecode.swift; path = "CheckoutViewModel+PayCheckout.swift"; sourceTree = "<group>"; };
		32EEEE8627DA128C00188547 /* ClientQuery.swift */ = {isa = PBXFileReference; fileEncoding = 4; lastKnownFileType = sourcecode.swift; path = ClientQuery.swift; sourceTree = "<group>"; };
		32EEEF5327DA131000188547 /* GraphQL+Serializable.swift */ = {isa = PBXFileReference; fileEncoding = 4; lastKnownFileType = sourcecode.swift; path = "GraphQL+Serializable.swift"; sourceTree = "<group>"; };
		32EEEF5527DA131B00188547 /* Fragment+VariantConnectionQuery.swift */ = {isa = PBXFileReference; fileEncoding = 4; lastKnownFileType = sourcecode.swift; path = "Fragment+VariantConnectionQuery.swift"; sourceTree = "<group>"; };
		32EEEF5627DA131B00188547 /* Fragment+ProductConnectionQuery.swift */ = {isa = PBXFileReference; fileEncoding = 4; lastKnownFileType = sourcecode.swift; path = "Fragment+ProductConnectionQuery.swift"; sourceTree = "<group>"; };
		32EEEF5727DA131B00188547 /* Fragment+OrderConnectionQuery.swift */ = {isa = PBXFileReference; fileEncoding = 4; lastKnownFileType = sourcecode.swift; path = "Fragment+OrderConnectionQuery.swift"; sourceTree = "<group>"; };
		32EEEF5827DA131C00188547 /* Fragment+PaymentQuery.swift */ = {isa = PBXFileReference; fileEncoding = 4; lastKnownFileType = sourcecode.swift; path = "Fragment+PaymentQuery.swift"; sourceTree = "<group>"; };
		32EEEF5927DA131C00188547 /* Fragment+ImageConnectionQuery.swift */ = {isa = PBXFileReference; fileEncoding = 4; lastKnownFileType = sourcecode.swift; path = "Fragment+ImageConnectionQuery.swift"; sourceTree = "<group>"; };
		32EEEF5A27DA131C00188547 /* Fragment+DiscountAllocation.swift */ = {isa = PBXFileReference; fileEncoding = 4; lastKnownFileType = sourcecode.swift; path = "Fragment+DiscountAllocation.swift"; sourceTree = "<group>"; };
		32EEEF5B27DA131C00188547 /* Fragment+DiscountApplication.swift */ = {isa = PBXFileReference; fileEncoding = 4; lastKnownFileType = sourcecode.swift; path = "Fragment+DiscountApplication.swift"; sourceTree = "<group>"; };
		32EEEF5C27DA131C00188547 /* Fragment+OrderLineItemConnectionQuery.swift */ = {isa = PBXFileReference; fileEncoding = 4; lastKnownFileType = sourcecode.swift; path = "Fragment+OrderLineItemConnectionQuery.swift"; sourceTree = "<group>"; };
		32EEEF5D27DA131D00188547 /* Fragment+CheckoutQuery.swift */ = {isa = PBXFileReference; fileEncoding = 4; lastKnownFileType = sourcecode.swift; path = "Fragment+CheckoutQuery.swift"; sourceTree = "<group>"; };
		32EEEF6727DA136300188547 /* PaginatedArray.swift */ = {isa = PBXFileReference; fileEncoding = 4; lastKnownFileType = sourcecode.swift; path = PaginatedArray.swift; sourceTree = "<group>"; };
		32EEEF6A27DA138C00188547 /* ImageViewModel.swift */ = {isa = PBXFileReference; fileEncoding = 4; lastKnownFileType = sourcecode.swift; path = ImageViewModel.swift; sourceTree = "<group>"; };
		32EEEF6B27DA138C00188547 /* CustomerViewModel.swift */ = {isa = PBXFileReference; fileEncoding = 4; lastKnownFileType = sourcecode.swift; path = CustomerViewModel.swift; sourceTree = "<group>"; };
		32EEEF6C27DA138C00188547 /* CollectionViewModel.swift */ = {isa = PBXFileReference; fileEncoding = 4; lastKnownFileType = sourcecode.swift; path = CollectionViewModel.swift; sourceTree = "<group>"; };
		32EEEF6D27DA138C00188547 /* OrderViewModel.swift */ = {isa = PBXFileReference; fileEncoding = 4; lastKnownFileType = sourcecode.swift; path = OrderViewModel.swift; sourceTree = "<group>"; };
		32EEEF6E27DA138D00188547 /* ProductViewModel.swift */ = {isa = PBXFileReference; fileEncoding = 4; lastKnownFileType = sourcecode.swift; path = ProductViewModel.swift; sourceTree = "<group>"; };
		32EEEF6F27DA138D00188547 /* VariantViewModel.swift */ = {isa = PBXFileReference; fileEncoding = 4; lastKnownFileType = sourcecode.swift; path = VariantViewModel.swift; sourceTree = "<group>"; };
		32EEEF7727DA13EE00188547 /* Currency.swift */ = {isa = PBXFileReference; fileEncoding = 4; lastKnownFileType = sourcecode.swift; path = Currency.swift; sourceTree = "<group>"; };
		32EEEF7A27DA142500188547 /* ViewModel.swift */ = {isa = PBXFileReference; fileEncoding = 4; lastKnownFileType = sourcecode.swift; path = ViewModel.swift; sourceTree = "<group>"; };
		32EEEF7B27DA142500188547 /* ViewModelConfigurable.swift */ = {isa = PBXFileReference; fileEncoding = 4; lastKnownFileType = sourcecode.swift; path = ViewModelConfigurable.swift; sourceTree = "<group>"; };
		32EEEF7C27DA142500188547 /* Serializable.swift */ = {isa = PBXFileReference; fileEncoding = 4; lastKnownFileType = sourcecode.swift; path = Serializable.swift; sourceTree = "<group>"; };
		32EEEF7D27DA142500188547 /* ViewModeling.swift */ = {isa = PBXFileReference; fileEncoding = 4; lastKnownFileType = sourcecode.swift; path = ViewModeling.swift; sourceTree = "<group>"; };
		32EEEF8327DA261A00188547 /* StorefrontCollectionView.swift */ = {isa = PBXFileReference; lastKnownFileType = sourcecode.swift; path = StorefrontCollectionView.swift; sourceTree = "<group>"; };
		32EEEF8527DA265700188547 /* Paginating.swift */ = {isa = PBXFileReference; fileEncoding = 4; lastKnownFileType = sourcecode.swift; path = Paginating.swift; sourceTree = "<group>"; };
		32EEEF8827DA303F00188547 /* CategoriesCollectionViewCell.swift */ = {isa = PBXFileReference; lastKnownFileType = sourcecode.swift; path = CategoriesCollectionViewCell.swift; sourceTree = "<group>"; };
		32EEEF8927DA303F00188547 /* CategoriesCollectionViewCell.xib */ = {isa = PBXFileReference; lastKnownFileType = file.xib; path = CategoriesCollectionViewCell.xib; sourceTree = "<group>"; };
		32EEEF8C27DA314900188547 /* Extensions.swift */ = {isa = PBXFileReference; lastKnownFileType = sourcecode.swift; path = Extensions.swift; sourceTree = "<group>"; };
		32EEEF8F27DA398200188547 /* UIImageView+Remote.swift */ = {isa = PBXFileReference; fileEncoding = 4; lastKnownFileType = sourcecode.swift; path = "UIImageView+Remote.swift"; sourceTree = "<group>"; };
/* End PBXFileReference section */

/* Begin PBXFrameworksBuildPhase section */
		18DF296B27D97198006FE3C6 /* Frameworks */ = {
			isa = PBXFrameworksBuildPhase;
			buildActionMask = 2147483647;
			files = (
				329F260727D98882006A2897 /* Buy in Frameworks */,
				328FE9AE27DE484B00FE22B2 /* SwipeCellKit in Frameworks */,
				329F260927D98882006A2897 /* Pay in Frameworks */,
			);
			runOnlyForDeploymentPostprocessing = 0;
		};
		18DF298427D9719D006FE3C6 /* Frameworks */ = {
			isa = PBXFrameworksBuildPhase;
			buildActionMask = 2147483647;
			files = (
			);
			runOnlyForDeploymentPostprocessing = 0;
		};
		18DF298F27D9719D006FE3C6 /* Frameworks */ = {
			isa = PBXFrameworksBuildPhase;
			buildActionMask = 2147483647;
			files = (
			);
			runOnlyForDeploymentPostprocessing = 0;
		};
/* End PBXFrameworksBuildPhase section */

/* Begin PBXGroup section */
		0A7346F327DC893500F0D5C0 /* General */ = {
			isa = PBXGroup;
			children = (
				0A7346F427DC894900F0D5C0 /* ProductDetailsViewController.swift */,
				0A73475F27E25EB200F0D5C0 /* ProductCardViewController.swift */,
			);
			path = General;
			sourceTree = "<group>";
		};
		0A73473927DF3E6100F0D5C0 /* Onboarding */ = {
			isa = PBXGroup;
			children = (
				0A73473B27DF3E7800F0D5C0 /* OnboardingParentViewController.swift */,
				0A73473A27DF3E7800F0D5C0 /* RegistrationViewController.swift */,
				0A73473C27DF3E7800F0D5C0 /* LoginViewController.swift */,
				0A73473D27DF3E7800F0D5C0 /* WelcomingViewController.swift */,
				0A73474227DFAAFD00F0D5C0 /* TermsAndConditionsViewController.swift */,
				328FE9B027E0B16500FE22B2 /* ResetPasswordViewController.swift */,
			);
			path = Onboarding;
			sourceTree = "<group>";
		};
		0A73474627E0B0BA00F0D5C0 /* Utilities */ = {
			isa = PBXGroup;
			children = (
				0A73474927E0BADA00F0D5C0 /* GifLoad.swift */,
				0A73475B27E2569200F0D5C0 /* PillPageControl.swift */,
				0A73474B27E0BB6D00F0D5C0 /* bannerGif.gif */,
			);
			path = Utilities;
			sourceTree = "<group>";
		};
		18DF296527D97198006FE3C6 = {
			isa = PBXGroup;
			children = (
				18DF297027D97198006FE3C6 /* BuyIN */,
				18DF298A27D9719D006FE3C6 /* BuyINTests */,
				18DF299527D9719D006FE3C6 /* BuyINUITests */,
				18DF296F27D97198006FE3C6 /* Products */,
			);
			sourceTree = "<group>";
		};
		18DF296F27D97198006FE3C6 /* Products */ = {
			isa = PBXGroup;
			children = (
				18DF296E27D97198006FE3C6 /* BuyIN.app */,
				18DF298727D9719D006FE3C6 /* BuyINTests.xctest */,
				18DF299227D9719D006FE3C6 /* BuyINUITests.xctest */,
			);
			name = Products;
			sourceTree = "<group>";
		};
		18DF297027D97198006FE3C6 /* BuyIN */ = {
			isa = PBXGroup;
			children = (
				3293EC8727DD1A7200B97997 /* Cart */,
				18DF29A827D97572006FE3C6 /* Models */,
				18DF29A927D9757D006FE3C6 /* Views */,
				32EEEF6927DA137B00188547 /* ViewModels */,
				32EEEF7627DA13DE00188547 /* Formatters */,
				18DF29AB27D975D1006FE3C6 /* Resources */,
				18DF29AA27D975BA006FE3C6 /* API Manager */,
				18DF29A727D9752D006FE3C6 /* Controllers */,
				18DF29CC27DA13EC006FE3C6 /* Extentions */,
				18DF297D27D9719C006FE3C6 /* Assets.xcassets */,
				18DF298227D9719C006FE3C6 /* Info.plist */,
				18DF297A27D97198006FE3C6 /* BuyIN.xcdatamodeld */,
			);
			path = BuyIN;
			sourceTree = "<group>";
		};
		18DF298A27D9719D006FE3C6 /* BuyINTests */ = {
			isa = PBXGroup;
			children = (
				18DF298B27D9719D006FE3C6 /* BuyINTests.swift */,
				18DF298D27D9719D006FE3C6 /* Info.plist */,
				3293EC6C27DBC6E300B97997 /* APIClientTests.swift */,
			);
			path = BuyINTests;
			sourceTree = "<group>";
		};
		18DF299527D9719D006FE3C6 /* BuyINUITests */ = {
			isa = PBXGroup;
			children = (
				18DF299627D9719D006FE3C6 /* BuyINUITests.swift */,
				18DF299827D9719D006FE3C6 /* Info.plist */,
			);
			path = BuyINUITests;
			sourceTree = "<group>";
		};
		18DF29A727D9752D006FE3C6 /* Controllers */ = {
			isa = PBXGroup;
			children = (
				0A73473927DF3E6100F0D5C0 /* Onboarding */,
				0A7346F327DC893500F0D5C0 /* General */,
				18DF297527D97198006FE3C6 /* HomeViewController.swift */,
				18DF29B427D9872A006FE3C6 /* CategoriesViewController.swift */,
				18DF29B927D98740006FE3C6 /* ProfileViewController.swift */,
			);
			path = Controllers;
			sourceTree = "<group>";
		};
		18DF29A827D97572006FE3C6 /* Models */ = {
			isa = PBXGroup;
			children = (
				32EEEF6727DA136300188547 /* PaginatedArray.swift */,
			);
			path = Models;
			sourceTree = "<group>";
		};
		18DF29A927D9757D006FE3C6 /* Views */ = {
			isa = PBXGroup;
			children = (
				0A73474627E0B0BA00F0D5C0 /* Utilities */,
				32EEEF8E27DA396600188547 /* Extentions */,
				32EEEF8727DA301200188547 /* Cells */,
				32EEEF8227DA147400188547 /* Protocols */,
				3293EC7227DBF7A100B97997 /* Controllers */,
				18DF297F27D9719C006FE3C6 /* LaunchScreen.storyboard */,
				18DF297727D97198006FE3C6 /* Main.storyboard */,
				0A7346E127DB553500F0D5C0 /* FlashSaleSectionHeaderCollectionReusableView.swift */,
				0A7346E327DB642900F0D5C0 /* RecentlyAddedHeaderCollectionReusableView.swift */,
				0A7346E527DB86CE00F0D5C0 /* HeroHeaderCollectionViewCell.swift */,
				0A7346E727DB971500F0D5C0 /* HeroCategoriesCollectionViewCell.swift */,
				0A7346E927DBC80F00F0D5C0 /* CategoryCollectionViewCell.swift */,
				0A7346EB27DBDF1D00F0D5C0 /* RecentlyAddedCollectionViewCell.swift */,
				0A73472427DC9DF200F0D5C0 /* PreviewCollectionHeaderCollectionReusableView.swift */,
				3293EC7827DC020D00B97997 /* CustomerCoordinator.xib */,
				3293EC8127DC12D600B97997 /* CustomerHeaderViewController.swift */,
				3293EC8327DCF76700B97997 /* CartViewController.swift */,
				3293EC8427DCF76800B97997 /* CartViewController.xib */,
				3293EC9027DD1C9800B97997 /* TotalsViewController.swift */,
				3293EC9127DD1C9800B97997 /* TotalsViewController.xib */,
				18619A2F27DD494200470847 /* OrdersViewController.swift */,
				18619A3027DD494200470847 /* OrdersViewController.xib */,
				18619A3627DD4A2200470847 /* WishListViewController.swift */,
				18619A3727DD4A2200470847 /* WishListViewController.xib */,
				0A73472627DCE64600F0D5C0 /* PreviewAnglesCollectionViewCell.swift */,
				0A73472827DCF7FB00F0D5C0 /* ProductHeaderCollectionViewCell.swift */,
				0A73472A27DD255F00F0D5C0 /* ProductPreviewDescriptionCollectionViewCell.swift */,
				0A73472C27DD366E00F0D5C0 /* RelevantCollectionReusableView.swift */,
				0A73474427DFADC000F0D5C0 /* TermsAndConditionsTableViewCell.swift */,
				0A73474D27E0C57600F0D5C0 /* GifCollectionViewCell.swift */,
				0A73475927E2558600F0D5C0 /* BannerCollectionViewCell.swift */,
			);
			path = Views;
			sourceTree = "<group>";
		};
		18DF29AA27D975BA006FE3C6 /* API Manager */ = {
			isa = PBXGroup;
			children = (
				32EEEF5227DA12FD00188547 /* Extensions */,
				18DF29AF27D98369006FE3C6 /* Client.swift */,
				32EEEE8627DA128C00188547 /* ClientQuery.swift */,
				3293EC7F27DC050600B97997 /* AccountController.swift */,
			);
			path = "API Manager";
			sourceTree = "<group>";
		};
		18DF29AB27D975D1006FE3C6 /* Resources */ = {
			isa = PBXGroup;
			children = (
				18DF297127D97198006FE3C6 /* AppDelegate.swift */,
				18DF297327D97198006FE3C6 /* SceneDelegate.swift */,
			);
			path = Resources;
			sourceTree = "<group>";
		};
		18DF29CC27DA13EC006FE3C6 /* Extentions */ = {
			isa = PBXGroup;
			children = (
				328FE9A927DE33E000FE22B2 /* CollectionSwipableCellExtension */,
				18DF29DE27DA42B9006FE3C6 /* UIViewExtension.swift */,
				328FE9AA27DE42D000FE22B2 /* SwipeableCollectionViewCell.swift */,
			);
			path = Extentions;
			sourceTree = "<group>";
		};
		328FE98527DD39A700FE22B2 /* Discounts */ = {
			isa = PBXGroup;
			children = (
				328FE98827DD39BF00FE22B2 /* DiscountApplication.swift */,
				328FE98727DD39BE00FE22B2 /* DiscountCodeViewModel.swift */,
				328FE98927DD39BF00FE22B2 /* ManualCodeViewModel.swift */,
				328FE98627DD39BE00FE22B2 /* ScriptCodeViewModel.swift */,
			);
			path = Discounts;
			sourceTree = "<group>";
		};
		328FE9A927DE33E000FE22B2 /* CollectionSwipableCellExtension */ = {
			isa = PBXGroup;
			children = (
				328FE99727DE313700FE22B2 /* CollectionSwipableCellExtension.swift */,
				328FE99927DE318500FE22B2 /* CollectionSwipableCellOneButtonLayout.swift */,
				328FE99B27DE31E500FE22B2 /* UICollectionViewCell+CollectionSwipableCellExtension.swift */,
				328FE99D27DE320A00FE22B2 /* UITableViewCell+CollectionSwipableCellExtension.swift */,
				328FE99F27DE323800FE22B2 /* CollectionSwipableCellHandler.swift */,
				328FE9A127DE326900FE22B2 /* SwipableCellLayouter.swift */,
				328FE9A327DE32A600FE22B2 /* SwipableCollection.swift */,
				328FE9A527DE32F100FE22B2 /* SwipableUICollectionView.swift */,
				328FE9A727DE331300FE22B2 /* SwipableUITableView.swift */,
			);
			path = CollectionSwipableCellExtension;
			sourceTree = "<group>";
		};
		3293EC7227DBF7A100B97997 /* Controllers */ = {
			isa = PBXGroup;
			children = (
				3293EC9627DD274100B97997 /* WebViewController.swift */,
				3293EC7727DC020D00B97997 /* CustomerCoordinator.swift */,
				187F86AA27DFE2B50053C82B /* OrdersDetailsViewController.swift */,
				187F86AB27DFE2B50053C82B /* OrdersDetailsViewController.xib */,
			);
			path = Controllers;
			sourceTree = "<group>";
		};
		3293EC8727DD1A7200B97997 /* Cart */ = {
			isa = PBXGroup;
			children = (
				3293EC8927DD1A8000B97997 /* CartController.swift */,
				328FE9B227E0E14000FE22B2 /* WishlistController.swift */,
				3293EC8A27DD1A8100B97997 /* CartItem.swift */,
				3293EC8827DD1A7F00B97997 /* CartItemViewModel.swift */,
			);
			path = Cart;
			sourceTree = "<group>";
		};
		3293EC9827DD27AC00B97997 /* Checkout */ = {
			isa = PBXGroup;
			children = (
				328FE98527DD39A700FE22B2 /* Discounts */,
				3293EC9F27DD27BC00B97997 /* AddressViewModel.swift */,
				3293EC9E27DD27BC00B97997 /* CheckoutViewModel.swift */,
				3293EC9B27DD27BB00B97997 /* CreditCardViewModel.swift */,
				3293EC9A27DD27BB00B97997 /* DiscountAllocationViewModel.swift */,
				3293EC9C27DD27BC00B97997 /* GiftCardViewModel.swift */,
				3293EC9927DD27BB00B97997 /* LineItemViewModel.swift */,
				3293EC9D27DD27BC00B97997 /* PaymentViewModel.swift */,
				3293ECA027DD27BD00B97997 /* ShippingRateViewModel.swift */,
			);
			path = Checkout;
			sourceTree = "<group>";
		};
		3293ECA927DD28EC00B97997 /* Pay Conversions */ = {
			isa = PBXGroup;
			children = (
				3293ECAC27DD28FA00B97997 /* AddressViewModel+PayAddress.swift */,
				3293ECAD27DD28FB00B97997 /* CheckoutViewModel+PayCheckout.swift */,
				3293ECAB27DD28FA00B97997 /* GiftCardViewModel+PayGiftCard.swift */,
				3293ECAA27DD28FA00B97997 /* ShippingRateViewModel+PayShippingRate.swift */,
			);
			path = "Pay Conversions";
			sourceTree = "<group>";
		};
		32EEEF5227DA12FD00188547 /* Extensions */ = {
			isa = PBXGroup;
			children = (
				32EEEF5327DA131000188547 /* GraphQL+Serializable.swift */,
				32EEEF5D27DA131D00188547 /* Fragment+CheckoutQuery.swift */,
				32EEEF5A27DA131C00188547 /* Fragment+DiscountAllocation.swift */,
				32EEEF5B27DA131C00188547 /* Fragment+DiscountApplication.swift */,
				32EEEF5927DA131C00188547 /* Fragment+ImageConnectionQuery.swift */,
				32EEEF5727DA131B00188547 /* Fragment+OrderConnectionQuery.swift */,
				32EEEF5C27DA131C00188547 /* Fragment+OrderLineItemConnectionQuery.swift */,
				32EEEF5827DA131C00188547 /* Fragment+PaymentQuery.swift */,
				32EEEF5627DA131B00188547 /* Fragment+ProductConnectionQuery.swift */,
				32EEEF5527DA131B00188547 /* Fragment+VariantConnectionQuery.swift */,
			);
			path = Extensions;
			sourceTree = "<group>";
		};
		32EEEF6927DA137B00188547 /* ViewModels */ = {
			isa = PBXGroup;
			children = (
				3293ECA927DD28EC00B97997 /* Pay Conversions */,
				3293EC9827DD27AC00B97997 /* Checkout */,
				32EEEF7927DA141400188547 /* Protocols */,
				32EEEF6C27DA138C00188547 /* CollectionViewModel.swift */,
				32EEEF6B27DA138C00188547 /* CustomerViewModel.swift */,
				32EEEF6A27DA138C00188547 /* ImageViewModel.swift */,
				32EEEF6D27DA138C00188547 /* OrderViewModel.swift */,
				32EEEF6E27DA138D00188547 /* ProductViewModel.swift */,
				32EEEF6F27DA138D00188547 /* VariantViewModel.swift */,
			);
			path = ViewModels;
			sourceTree = "<group>";
		};
		32EEEF7627DA13DE00188547 /* Formatters */ = {
			isa = PBXGroup;
			children = (
				32EEEF7727DA13EE00188547 /* Currency.swift */,
			);
			path = Formatters;
			sourceTree = "<group>";
		};
		32EEEF7927DA141400188547 /* Protocols */ = {
			isa = PBXGroup;
			children = (
				32EEEF7C27DA142500188547 /* Serializable.swift */,
				32EEEF7A27DA142500188547 /* ViewModel.swift */,
				32EEEF7B27DA142500188547 /* ViewModelConfigurable.swift */,
				32EEEF7D27DA142500188547 /* ViewModeling.swift */,
			);
			path = Protocols;
			sourceTree = "<group>";
		};
		32EEEF8227DA147400188547 /* Protocols */ = {
			isa = PBXGroup;
			children = (
				3293EC8E27DD1BA200B97997 /* ParallaxViewController.swift */,
				32EEEF8527DA265700188547 /* Paginating.swift */,
				32EEEF8327DA261A00188547 /* StorefrontCollectionView.swift */,
			);
			path = Protocols;
			sourceTree = "<group>";
		};
		32EEEF8727DA301200188547 /* Cells */ = {
			isa = PBXGroup;
			children = (
				32EEEF8827DA303F00188547 /* CategoriesCollectionViewCell.swift */,
				32EEEF8927DA303F00188547 /* CategoriesCollectionViewCell.xib */,
				328C24BB27DA548200979917 /* ProductCollectionViewCell.swift */,
				328C24BC27DA548300979917 /* ProductCollectionViewCell.xib */,
				186199F727DBEF6E00470847 /* ProductsViewController.swift */,
				18619A0627DC094500470847 /* ProductsCellCollectionViewCell.swift */,
				186199F827DBEF6E00470847 /* ProductsViewController.xib */,
				18619A0727DC094500470847 /* ProductsCellCollectionViewCell.xib */,
				328FE99027DD758300FE22B2 /* CartCell.swift */,
				328FE99127DD758300FE22B2 /* CartCell.xib */,
				18DF29BE27DA125D006FE3C6 /* OrdersTableViewCell.swift */,
				18DF29BF27DA125D006FE3C6 /* OrdersTableViewCell.xib */,
				18696DED27DE75BC00EB59C9 /* OrderCollectionViewCell.swift */,
				18696DEE27DE75BC00EB59C9 /* OrderCollectionViewCell.xib */,
				186199EA27DA6AC000470847 /* WishListCollectionViewCell.swift */,
				186199EB27DA6AC000470847 /* WishListCollectionViewCell.xib */,
				18619A4027DDF63600470847 /* WishListTableViewCell.swift */,
				18619A4127DDF63600470847 /* WishListTableViewCell.xib */,
				18619A4727DE221300470847 /* UpdatedWishListCollectionViewCell.swift */,
				18619A4827DE221300470847 /* UpdatedWishListCollectionViewCell.xib */,
				187F86B127DFF4560053C82B /* OrderDetailsCollectionViewCell.swift */,
				187F86B227DFF4560053C82B /* OrderDetailsCollectionViewCell.xib */,
			);
			path = Cells;
			sourceTree = "<group>";
		};
		32EEEF8E27DA396600188547 /* Extentions */ = {
			isa = PBXGroup;
			children = (
				3293EC9427DD1E9100B97997 /* RoundedButton.swift */,
				3293EC7D27DC039C00B97997 /* NSObject+Name.swift */,
				3293EC7B27DC02FA00B97997 /* Storyboard+ViewController.swift */,
				32EEEF8F27DA398200188547 /* UIImageView+Remote.swift */,
				32EEEF8C27DA314900188547 /* Extensions.swift */,
				328FE99427DD825C00FE22B2 /* GMStepper.swift */,
			);
			path = Extentions;
			sourceTree = "<group>";
		};
/* End PBXGroup section */

/* Begin PBXNativeTarget section */
		18DF296D27D97198006FE3C6 /* BuyIN */ = {
			isa = PBXNativeTarget;
			buildConfigurationList = 18DF299B27D9719D006FE3C6 /* Build configuration list for PBXNativeTarget "BuyIN" */;
			buildPhases = (
				18DF296A27D97198006FE3C6 /* Sources */,
				18DF296B27D97198006FE3C6 /* Frameworks */,
				18DF296C27D97198006FE3C6 /* Resources */,
			);
			buildRules = (
			);
			dependencies = (
			);
			name = BuyIN;
			packageProductDependencies = (
				329F260627D98882006A2897 /* Buy */,
				329F260827D98882006A2897 /* Pay */,
				328FE9AD27DE484B00FE22B2 /* SwipeCellKit */,
			);
			productName = BuyIN;
			productReference = 18DF296E27D97198006FE3C6 /* BuyIN.app */;
			productType = "com.apple.product-type.application";
		};
		18DF298627D9719D006FE3C6 /* BuyINTests */ = {
			isa = PBXNativeTarget;
			buildConfigurationList = 18DF299E27D9719D006FE3C6 /* Build configuration list for PBXNativeTarget "BuyINTests" */;
			buildPhases = (
				18DF298327D9719D006FE3C6 /* Sources */,
				18DF298427D9719D006FE3C6 /* Frameworks */,
				18DF298527D9719D006FE3C6 /* Resources */,
			);
			buildRules = (
			);
			dependencies = (
				18DF298927D9719D006FE3C6 /* PBXTargetDependency */,
			);
			name = BuyINTests;
			productName = BuyINTests;
			productReference = 18DF298727D9719D006FE3C6 /* BuyINTests.xctest */;
			productType = "com.apple.product-type.bundle.unit-test";
		};
		18DF299127D9719D006FE3C6 /* BuyINUITests */ = {
			isa = PBXNativeTarget;
			buildConfigurationList = 18DF29A127D9719D006FE3C6 /* Build configuration list for PBXNativeTarget "BuyINUITests" */;
			buildPhases = (
				18DF298E27D9719D006FE3C6 /* Sources */,
				18DF298F27D9719D006FE3C6 /* Frameworks */,
				18DF299027D9719D006FE3C6 /* Resources */,
			);
			buildRules = (
			);
			dependencies = (
				18DF299427D9719D006FE3C6 /* PBXTargetDependency */,
			);
			name = BuyINUITests;
			productName = BuyINUITests;
			productReference = 18DF299227D9719D006FE3C6 /* BuyINUITests.xctest */;
			productType = "com.apple.product-type.bundle.ui-testing";
		};
/* End PBXNativeTarget section */

/* Begin PBXProject section */
		18DF296627D97198006FE3C6 /* Project object */ = {
			isa = PBXProject;
			attributes = {
				LastSwiftUpdateCheck = 1240;
				LastUpgradeCheck = 1240;
				TargetAttributes = {
					18DF296D27D97198006FE3C6 = {
						CreatedOnToolsVersion = 12.4;
					};
					18DF298627D9719D006FE3C6 = {
						CreatedOnToolsVersion = 12.4;
						TestTargetID = 18DF296D27D97198006FE3C6;
					};
					18DF299127D9719D006FE3C6 = {
						CreatedOnToolsVersion = 12.4;
						TestTargetID = 18DF296D27D97198006FE3C6;
					};
				};
			};
			buildConfigurationList = 18DF296927D97198006FE3C6 /* Build configuration list for PBXProject "BuyIN" */;
			compatibilityVersion = "Xcode 9.3";
			developmentRegion = en;
			hasScannedForEncodings = 0;
			knownRegions = (
				en,
				Base,
			);
			mainGroup = 18DF296527D97198006FE3C6;
			packageReferences = (
				329F260527D98882006A2897 /* XCRemoteSwiftPackageReference "mobile-buy-sdk-ios" */,
				328FE9AC27DE484B00FE22B2 /* XCRemoteSwiftPackageReference "SwipeCellKit" */,
			);
			productRefGroup = 18DF296F27D97198006FE3C6 /* Products */;
			projectDirPath = "";
			projectRoot = "";
			targets = (
				18DF296D27D97198006FE3C6 /* BuyIN */,
				18DF298627D9719D006FE3C6 /* BuyINTests */,
				18DF299127D9719D006FE3C6 /* BuyINUITests */,
			);
		};
/* End PBXProject section */

/* Begin PBXResourcesBuildPhase section */
		18DF296C27D97198006FE3C6 /* Resources */ = {
			isa = PBXResourcesBuildPhase;
			buildActionMask = 2147483647;
			files = (
				187F86B427DFF4560053C82B /* OrderDetailsCollectionViewCell.xib in Resources */,
				32EEEF8B27DA303F00188547 /* CategoriesCollectionViewCell.xib in Resources */,
				18619A3927DD4A2200470847 /* WishListViewController.xib in Resources */,
				0A73474C27E0BB6D00F0D5C0 /* bannerGif.gif in Resources */,
				18619A4327DDF63600470847 /* WishListTableViewCell.xib in Resources */,
				18DF298127D9719C006FE3C6 /* LaunchScreen.storyboard in Resources */,
				18619A3227DD494200470847 /* OrdersViewController.xib in Resources */,
				18619A0927DC094500470847 /* ProductsCellCollectionViewCell.xib in Resources */,
				328C24BE27DA548300979917 /* ProductCollectionViewCell.xib in Resources */,
				18696DF027DE75BC00EB59C9 /* OrderCollectionViewCell.xib in Resources */,
				187F86AD27DFE2B50053C82B /* OrdersDetailsViewController.xib in Resources */,
				18DF297E27D9719C006FE3C6 /* Assets.xcassets in Resources */,
				328FE99327DD758300FE22B2 /* CartCell.xib in Resources */,
				3293EC8627DCF76900B97997 /* CartViewController.xib in Resources */,
				3293EC9327DD1C9800B97997 /* TotalsViewController.xib in Resources */,
				186199ED27DA6AC000470847 /* WishListCollectionViewCell.xib in Resources */,
				18DF29C127DA125D006FE3C6 /* OrdersTableViewCell.xib in Resources */,
				18619A4A27DE221300470847 /* UpdatedWishListCollectionViewCell.xib in Resources */,
				186199FA27DBEF6E00470847 /* ProductsViewController.xib in Resources */,
				18DF297927D97198006FE3C6 /* Main.storyboard in Resources */,
				3293EC7A27DC020D00B97997 /* CustomerCoordinator.xib in Resources */,
			);
			runOnlyForDeploymentPostprocessing = 0;
		};
		18DF298527D9719D006FE3C6 /* Resources */ = {
			isa = PBXResourcesBuildPhase;
			buildActionMask = 2147483647;
			files = (
			);
			runOnlyForDeploymentPostprocessing = 0;
		};
		18DF299027D9719D006FE3C6 /* Resources */ = {
			isa = PBXResourcesBuildPhase;
			buildActionMask = 2147483647;
			files = (
			);
			runOnlyForDeploymentPostprocessing = 0;
		};
/* End PBXResourcesBuildPhase section */

/* Begin PBXSourcesBuildPhase section */
		18DF296A27D97198006FE3C6 /* Sources */ = {
			isa = PBXSourcesBuildPhase;
			buildActionMask = 2147483647;
			files = (
				0A7346E227DB553500F0D5C0 /* FlashSaleSectionHeaderCollectionReusableView.swift in Sources */,
				3293EC9727DD274100B97997 /* WebViewController.swift in Sources */,
				18619A3827DD4A2200470847 /* WishListViewController.swift in Sources */,
				0A7346E427DB642900F0D5C0 /* RecentlyAddedHeaderCollectionReusableView.swift in Sources */,
				3293EC7E27DC039C00B97997 /* NSObject+Name.swift in Sources */,
				18DF29DF27DA42B9006FE3C6 /* UIViewExtension.swift in Sources */,
				18DF297627D97198006FE3C6 /* HomeViewController.swift in Sources */,
				187F86AC27DFE2B50053C82B /* OrdersDetailsViewController.swift in Sources */,
				0A73474E27E0C57600F0D5C0 /* GifCollectionViewCell.swift in Sources */,
				18DF297C27D97198006FE3C6 /* BuyIN.xcdatamodeld in Sources */,
				32EEEF8A27DA303F00188547 /* CategoriesCollectionViewCell.swift in Sources */,
				18DF29B527D9872A006FE3C6 /* CategoriesViewController.swift in Sources */,
				3293ECB127DD28FB00B97997 /* CheckoutViewModel+PayCheckout.swift in Sources */,
				328FE98D27DD39BF00FE22B2 /* ManualCodeViewModel.swift in Sources */,
				32EEEF6627DA131D00188547 /* Fragment+CheckoutQuery.swift in Sources */,
				0A73474327DFAAFD00F0D5C0 /* TermsAndConditionsViewController.swift in Sources */,
				32EEEF6127DA131D00188547 /* Fragment+PaymentQuery.swift in Sources */,
				32EEEF7527DA138D00188547 /* VariantViewModel.swift in Sources */,
				3293ECA627DD27BD00B97997 /* CheckoutViewModel.swift in Sources */,
				32EEEF7E27DA142500188547 /* ViewModel.swift in Sources */,
				32EEEF7227DA138D00188547 /* CollectionViewModel.swift in Sources */,
				32EEEF6827DA136300188547 /* PaginatedArray.swift in Sources */,
				32EEEF7427DA138D00188547 /* ProductViewModel.swift in Sources */,
				328FE99E27DE320A00FE22B2 /* UITableViewCell+CollectionSwipableCellExtension.swift in Sources */,
				0A73473F27DF3E7800F0D5C0 /* OnboardingParentViewController.swift in Sources */,
				328FE9A027DE323800FE22B2 /* CollectionSwipableCellHandler.swift in Sources */,
				3293EC8D27DD1A8100B97997 /* CartItem.swift in Sources */,
				32EEEF6527DA131D00188547 /* Fragment+OrderLineItemConnectionQuery.swift in Sources */,
				3293EC8C27DD1A8100B97997 /* CartController.swift in Sources */,
				3293EC8F27DD1BA300B97997 /* ParallaxViewController.swift in Sources */,
				0A7346F527DC894900F0D5C0 /* ProductDetailsViewController.swift in Sources */,
				32EEEF6427DA131D00188547 /* Fragment+DiscountApplication.swift in Sources */,
				328FE98C27DD39BF00FE22B2 /* DiscountApplication.swift in Sources */,
				3293ECA827DD27BD00B97997 /* ShippingRateViewModel.swift in Sources */,
				328C24BD27DA548300979917 /* ProductCollectionViewCell.swift in Sources */,
				3293EC8227DC12D600B97997 /* CustomerHeaderViewController.swift in Sources */,
				18619A4227DDF63600470847 /* WishListTableViewCell.swift in Sources */,
				32EEEF5E27DA131D00188547 /* Fragment+VariantConnectionQuery.swift in Sources */,
				32EEEF8027DA142500188547 /* Serializable.swift in Sources */,
				18696DEF27DE75BC00EB59C9 /* OrderCollectionViewCell.swift in Sources */,
				3293EC7C27DC02FA00B97997 /* Storyboard+ViewController.swift in Sources */,
				0A73473E27DF3E7800F0D5C0 /* RegistrationViewController.swift in Sources */,
				32EEEF7127DA138D00188547 /* CustomerViewModel.swift in Sources */,
				328FE98A27DD39BF00FE22B2 /* ScriptCodeViewModel.swift in Sources */,
				32EEEF7827DA13EF00188547 /* Currency.swift in Sources */,
				3293ECA727DD27BD00B97997 /* AddressViewModel.swift in Sources */,
				0A73474A27E0BADA00F0D5C0 /* GifLoad.swift in Sources */,
				328FE9AB27DE42D000FE22B2 /* SwipeableCollectionViewCell.swift in Sources */,
				0A73475A27E2558600F0D5C0 /* BannerCollectionViewCell.swift in Sources */,
				328FE99527DD825C00FE22B2 /* GMStepper.swift in Sources */,
				32EEEF8627DA265700188547 /* Paginating.swift in Sources */,
				3293EC8B27DD1A8100B97997 /* CartItemViewModel.swift in Sources */,
				32EEEF9027DA398200188547 /* UIImageView+Remote.swift in Sources */,
				0A7346E627DB86CE00F0D5C0 /* HeroHeaderCollectionViewCell.swift in Sources */,
				187F86B327DFF4560053C82B /* OrderDetailsCollectionViewCell.swift in Sources */,
				3293ECA427DD27BD00B97997 /* GiftCardViewModel.swift in Sources */,
				3293ECA327DD27BD00B97997 /* CreditCardViewModel.swift in Sources */,
				328FE99227DD758300FE22B2 /* CartCell.swift in Sources */,
				0A73472727DCE64600F0D5C0 /* PreviewAnglesCollectionViewCell.swift in Sources */,
				32EEEF8127DA142500188547 /* ViewModeling.swift in Sources */,
				32EEEF5F27DA131D00188547 /* Fragment+ProductConnectionQuery.swift in Sources */,
				32EEEF8D27DA314900188547 /* Extensions.swift in Sources */,
				186199F927DBEF6E00470847 /* ProductsViewController.swift in Sources */,
				328FE9A227DE326900FE22B2 /* SwipableCellLayouter.swift in Sources */,
				0A73472927DCF7FB00F0D5C0 /* ProductHeaderCollectionViewCell.swift in Sources */,
				0A73472D27DD366E00F0D5C0 /* RelevantCollectionReusableView.swift in Sources */,
				32EEEF7F27DA142500188547 /* ViewModelConfigurable.swift in Sources */,
				328FE9A627DE32F100FE22B2 /* SwipableUICollectionView.swift in Sources */,
				328FE98B27DD39BF00FE22B2 /* DiscountCodeViewModel.swift in Sources */,
				3293ECAE27DD28FB00B97997 /* ShippingRateViewModel+PayShippingRate.swift in Sources */,
				3293ECB027DD28FB00B97997 /* AddressViewModel+PayAddress.swift in Sources */,
				186199EC27DA6AC000470847 /* WishListCollectionViewCell.swift in Sources */,
				18619A4927DE221300470847 /* UpdatedWishListCollectionViewCell.swift in Sources */,
				18DF297227D97198006FE3C6 /* AppDelegate.swift in Sources */,
				3293ECA127DD27BD00B97997 /* LineItemViewModel.swift in Sources */,
				0A73472527DC9DF200F0D5C0 /* PreviewCollectionHeaderCollectionReusableView.swift in Sources */,
				0A73475C27E2569200F0D5C0 /* PillPageControl.swift in Sources */,
				18DF29BA27D98740006FE3C6 /* ProfileViewController.swift in Sources */,
				18DF29B027D98369006FE3C6 /* Client.swift in Sources */,
				3293EC9227DD1C9800B97997 /* TotalsViewController.swift in Sources */,
				0A7346E827DB971500F0D5C0 /* HeroCategoriesCollectionViewCell.swift in Sources */,
				32EEEF8427DA261A00188547 /* StorefrontCollectionView.swift in Sources */,
				32EEEF7327DA138D00188547 /* OrderViewModel.swift in Sources */,
				32EEEF6027DA131D00188547 /* Fragment+OrderConnectionQuery.swift in Sources */,
				0A7346EC27DBDF1D00F0D5C0 /* RecentlyAddedCollectionViewCell.swift in Sources */,
				328FE9A827DE331300FE22B2 /* SwipableUITableView.swift in Sources */,
				32EEEE8727DA128C00188547 /* ClientQuery.swift in Sources */,
				32EEEF7027DA138D00188547 /* ImageViewModel.swift in Sources */,
				3293EC9527DD1E9100B97997 /* RoundedButton.swift in Sources */,
				32EEEF5427DA131000188547 /* GraphQL+Serializable.swift in Sources */,
				328FE9A427DE32A600FE22B2 /* SwipableCollection.swift in Sources */,
				328FE99827DE313900FE22B2 /* CollectionSwipableCellExtension.swift in Sources */,
				32EEEF6327DA131D00188547 /* Fragment+DiscountAllocation.swift in Sources */,
				18DF29B027D98369006FE3C6 /* Client.swift in Sources */,
				18619A0827DC094500470847 /* ProductsCellCollectionViewCell.swift in Sources */,
				0A73472B27DD255F00F0D5C0 /* ProductPreviewDescriptionCollectionViewCell.swift in Sources */,
				32EEEF6227DA131D00188547 /* Fragment+ImageConnectionQuery.swift in Sources */,
				3293EC8527DCF76800B97997 /* CartViewController.swift in Sources */,
				0A73474027DF3E7800F0D5C0 /* LoginViewController.swift in Sources */,
				328FE9B327E0E14000FE22B2 /* WishlistController.swift in Sources */,
				3293EC8027DC050600B97997 /* AccountController.swift in Sources */,
				18619A3127DD494200470847 /* OrdersViewController.swift in Sources */,
				18DF29B027D98369006FE3C6 /* Client.swift in Sources */,
				3293EC7927DC020D00B97997 /* CustomerCoordinator.swift in Sources */,
				18DF29C027DA125D006FE3C6 /* OrdersTableViewCell.swift in Sources */,
				0A73474127DF3E7800F0D5C0 /* WelcomingViewController.swift in Sources */,
				328FE9B127E0B16700FE22B2 /* ResetPasswordViewController.swift in Sources */,
				3293ECAF27DD28FB00B97997 /* GiftCardViewModel+PayGiftCard.swift in Sources */,
				0A73476027E25EB200F0D5C0 /* ProductCardViewController.swift in Sources */,
				0A73474527DFADC000F0D5C0 /* TermsAndConditionsTableViewCell.swift in Sources */,
				3293ECA227DD27BD00B97997 /* DiscountAllocationViewModel.swift in Sources */,
				328FE99C27DE31E500FE22B2 /* UICollectionViewCell+CollectionSwipableCellExtension.swift in Sources */,
				0A7346EA27DBC80F00F0D5C0 /* CategoryCollectionViewCell.swift in Sources */,
				328FE99A27DE318500FE22B2 /* CollectionSwipableCellOneButtonLayout.swift in Sources */,
				3293ECA527DD27BD00B97997 /* PaymentViewModel.swift in Sources */,
				18DF297427D97198006FE3C6 /* SceneDelegate.swift in Sources */,
			);
			runOnlyForDeploymentPostprocessing = 0;
		};
		18DF298327D9719D006FE3C6 /* Sources */ = {
			isa = PBXSourcesBuildPhase;
			buildActionMask = 2147483647;
			files = (
				18DF298C27D9719D006FE3C6 /* BuyINTests.swift in Sources */,
				3293EC6D27DBC6E300B97997 /* APIClientTests.swift in Sources */,
			);
			runOnlyForDeploymentPostprocessing = 0;
		};
		18DF298E27D9719D006FE3C6 /* Sources */ = {
			isa = PBXSourcesBuildPhase;
			buildActionMask = 2147483647;
			files = (
				18DF299727D9719D006FE3C6 /* BuyINUITests.swift in Sources */,
			);
			runOnlyForDeploymentPostprocessing = 0;
		};
/* End PBXSourcesBuildPhase section */

/* Begin PBXTargetDependency section */
		18DF298927D9719D006FE3C6 /* PBXTargetDependency */ = {
			isa = PBXTargetDependency;
			target = 18DF296D27D97198006FE3C6 /* BuyIN */;
			targetProxy = 18DF298827D9719D006FE3C6 /* PBXContainerItemProxy */;
		};
		18DF299427D9719D006FE3C6 /* PBXTargetDependency */ = {
			isa = PBXTargetDependency;
			target = 18DF296D27D97198006FE3C6 /* BuyIN */;
			targetProxy = 18DF299327D9719D006FE3C6 /* PBXContainerItemProxy */;
		};
/* End PBXTargetDependency section */

/* Begin PBXVariantGroup section */
		18DF297727D97198006FE3C6 /* Main.storyboard */ = {
			isa = PBXVariantGroup;
			children = (
				18DF297827D97198006FE3C6 /* Base */,
			);
			name = Main.storyboard;
			sourceTree = "<group>";
		};
		18DF297F27D9719C006FE3C6 /* LaunchScreen.storyboard */ = {
			isa = PBXVariantGroup;
			children = (
				18DF298027D9719C006FE3C6 /* Base */,
			);
			name = LaunchScreen.storyboard;
			sourceTree = "<group>";
		};
/* End PBXVariantGroup section */

/* Begin XCBuildConfiguration section */
		18DF299927D9719D006FE3C6 /* Debug */ = {
			isa = XCBuildConfiguration;
			buildSettings = {
				ALWAYS_SEARCH_USER_PATHS = NO;
				CLANG_ANALYZER_NONNULL = YES;
				CLANG_ANALYZER_NUMBER_OBJECT_CONVERSION = YES_AGGRESSIVE;
				CLANG_CXX_LANGUAGE_STANDARD = "gnu++14";
				CLANG_CXX_LIBRARY = "libc++";
				CLANG_ENABLE_MODULES = YES;
				CLANG_ENABLE_OBJC_ARC = YES;
				CLANG_ENABLE_OBJC_WEAK = YES;
				CLANG_WARN_BLOCK_CAPTURE_AUTORELEASING = YES;
				CLANG_WARN_BOOL_CONVERSION = YES;
				CLANG_WARN_COMMA = YES;
				CLANG_WARN_CONSTANT_CONVERSION = YES;
				CLANG_WARN_DEPRECATED_OBJC_IMPLEMENTATIONS = YES;
				CLANG_WARN_DIRECT_OBJC_ISA_USAGE = YES_ERROR;
				CLANG_WARN_DOCUMENTATION_COMMENTS = YES;
				CLANG_WARN_EMPTY_BODY = YES;
				CLANG_WARN_ENUM_CONVERSION = YES;
				CLANG_WARN_INFINITE_RECURSION = YES;
				CLANG_WARN_INT_CONVERSION = YES;
				CLANG_WARN_NON_LITERAL_NULL_CONVERSION = YES;
				CLANG_WARN_OBJC_IMPLICIT_RETAIN_SELF = YES;
				CLANG_WARN_OBJC_LITERAL_CONVERSION = YES;
				CLANG_WARN_OBJC_ROOT_CLASS = YES_ERROR;
				CLANG_WARN_QUOTED_INCLUDE_IN_FRAMEWORK_HEADER = YES;
				CLANG_WARN_RANGE_LOOP_ANALYSIS = YES;
				CLANG_WARN_STRICT_PROTOTYPES = YES;
				CLANG_WARN_SUSPICIOUS_MOVE = YES;
				CLANG_WARN_UNGUARDED_AVAILABILITY = YES_AGGRESSIVE;
				CLANG_WARN_UNREACHABLE_CODE = YES;
				CLANG_WARN__DUPLICATE_METHOD_MATCH = YES;
				COPY_PHASE_STRIP = NO;
				DEBUG_INFORMATION_FORMAT = dwarf;
				ENABLE_STRICT_OBJC_MSGSEND = YES;
				ENABLE_TESTABILITY = YES;
				GCC_C_LANGUAGE_STANDARD = gnu11;
				GCC_DYNAMIC_NO_PIC = NO;
				GCC_NO_COMMON_BLOCKS = YES;
				GCC_OPTIMIZATION_LEVEL = 0;
				GCC_PREPROCESSOR_DEFINITIONS = (
					"DEBUG=1",
					"$(inherited)",
				);
				GCC_WARN_64_TO_32_BIT_CONVERSION = YES;
				GCC_WARN_ABOUT_RETURN_TYPE = YES_ERROR;
				GCC_WARN_UNDECLARED_SELECTOR = YES;
				GCC_WARN_UNINITIALIZED_AUTOS = YES_AGGRESSIVE;
				GCC_WARN_UNUSED_FUNCTION = YES;
				GCC_WARN_UNUSED_VARIABLE = YES;
				IPHONEOS_DEPLOYMENT_TARGET = 14.4;
				MTL_ENABLE_DEBUG_INFO = INCLUDE_SOURCE;
				MTL_FAST_MATH = YES;
				ONLY_ACTIVE_ARCH = YES;
				SDKROOT = iphoneos;
				SWIFT_ACTIVE_COMPILATION_CONDITIONS = DEBUG;
				SWIFT_OPTIMIZATION_LEVEL = "-Onone";
			};
			name = Debug;
		};
		18DF299A27D9719D006FE3C6 /* Release */ = {
			isa = XCBuildConfiguration;
			buildSettings = {
				ALWAYS_SEARCH_USER_PATHS = NO;
				CLANG_ANALYZER_NONNULL = YES;
				CLANG_ANALYZER_NUMBER_OBJECT_CONVERSION = YES_AGGRESSIVE;
				CLANG_CXX_LANGUAGE_STANDARD = "gnu++14";
				CLANG_CXX_LIBRARY = "libc++";
				CLANG_ENABLE_MODULES = YES;
				CLANG_ENABLE_OBJC_ARC = YES;
				CLANG_ENABLE_OBJC_WEAK = YES;
				CLANG_WARN_BLOCK_CAPTURE_AUTORELEASING = YES;
				CLANG_WARN_BOOL_CONVERSION = YES;
				CLANG_WARN_COMMA = YES;
				CLANG_WARN_CONSTANT_CONVERSION = YES;
				CLANG_WARN_DEPRECATED_OBJC_IMPLEMENTATIONS = YES;
				CLANG_WARN_DIRECT_OBJC_ISA_USAGE = YES_ERROR;
				CLANG_WARN_DOCUMENTATION_COMMENTS = YES;
				CLANG_WARN_EMPTY_BODY = YES;
				CLANG_WARN_ENUM_CONVERSION = YES;
				CLANG_WARN_INFINITE_RECURSION = YES;
				CLANG_WARN_INT_CONVERSION = YES;
				CLANG_WARN_NON_LITERAL_NULL_CONVERSION = YES;
				CLANG_WARN_OBJC_IMPLICIT_RETAIN_SELF = YES;
				CLANG_WARN_OBJC_LITERAL_CONVERSION = YES;
				CLANG_WARN_OBJC_ROOT_CLASS = YES_ERROR;
				CLANG_WARN_QUOTED_INCLUDE_IN_FRAMEWORK_HEADER = YES;
				CLANG_WARN_RANGE_LOOP_ANALYSIS = YES;
				CLANG_WARN_STRICT_PROTOTYPES = YES;
				CLANG_WARN_SUSPICIOUS_MOVE = YES;
				CLANG_WARN_UNGUARDED_AVAILABILITY = YES_AGGRESSIVE;
				CLANG_WARN_UNREACHABLE_CODE = YES;
				CLANG_WARN__DUPLICATE_METHOD_MATCH = YES;
				COPY_PHASE_STRIP = NO;
				DEBUG_INFORMATION_FORMAT = "dwarf-with-dsym";
				ENABLE_NS_ASSERTIONS = NO;
				ENABLE_STRICT_OBJC_MSGSEND = YES;
				GCC_C_LANGUAGE_STANDARD = gnu11;
				GCC_NO_COMMON_BLOCKS = YES;
				GCC_WARN_64_TO_32_BIT_CONVERSION = YES;
				GCC_WARN_ABOUT_RETURN_TYPE = YES_ERROR;
				GCC_WARN_UNDECLARED_SELECTOR = YES;
				GCC_WARN_UNINITIALIZED_AUTOS = YES_AGGRESSIVE;
				GCC_WARN_UNUSED_FUNCTION = YES;
				GCC_WARN_UNUSED_VARIABLE = YES;
				IPHONEOS_DEPLOYMENT_TARGET = 14.4;
				MTL_ENABLE_DEBUG_INFO = NO;
				MTL_FAST_MATH = YES;
				SDKROOT = iphoneos;
				SWIFT_COMPILATION_MODE = wholemodule;
				SWIFT_OPTIMIZATION_LEVEL = "-O";
				VALIDATE_PRODUCT = YES;
			};
			name = Release;
		};
		18DF299C27D9719D006FE3C6 /* Debug */ = {
			isa = XCBuildConfiguration;
			buildSettings = {
				ASSETCATALOG_COMPILER_APPICON_NAME = AppIcon;
				ASSETCATALOG_COMPILER_GLOBAL_ACCENT_COLOR_NAME = AccentColor;
				CODE_SIGN_STYLE = Automatic;
				DEVELOPMENT_TEAM = 8J6CP5DTV3;
				INFOPLIST_FILE = BuyIN/Info.plist;
				LD_RUNPATH_SEARCH_PATHS = (
					"$(inherited)",
					"@executable_path/Frameworks",
				);
				PRODUCT_BUNDLE_IDENTIFIER = com.yousraeid.BuyIN;
				PRODUCT_NAME = "$(TARGET_NAME)";
				SWIFT_VERSION = 5.0;
				TARGETED_DEVICE_FAMILY = "1,2";
			};
			name = Debug;
		};
		18DF299D27D9719D006FE3C6 /* Release */ = {
			isa = XCBuildConfiguration;
			buildSettings = {
				ASSETCATALOG_COMPILER_APPICON_NAME = AppIcon;
				ASSETCATALOG_COMPILER_GLOBAL_ACCENT_COLOR_NAME = AccentColor;
				CODE_SIGN_STYLE = Automatic;
				DEVELOPMENT_TEAM = 8J6CP5DTV3;
				INFOPLIST_FILE = BuyIN/Info.plist;
				LD_RUNPATH_SEARCH_PATHS = (
					"$(inherited)",
					"@executable_path/Frameworks",
				);
				PRODUCT_BUNDLE_IDENTIFIER = com.yousraeid.BuyIN;
				PRODUCT_NAME = "$(TARGET_NAME)";
				SWIFT_VERSION = 5.0;
				TARGETED_DEVICE_FAMILY = "1,2";
			};
			name = Release;
		};
		18DF299F27D9719D006FE3C6 /* Debug */ = {
			isa = XCBuildConfiguration;
			buildSettings = {
				ALWAYS_EMBED_SWIFT_STANDARD_LIBRARIES = YES;
				BUNDLE_LOADER = "$(TEST_HOST)";
				CODE_SIGN_STYLE = Automatic;
				INFOPLIST_FILE = BuyINTests/Info.plist;
				IPHONEOS_DEPLOYMENT_TARGET = 14.4;
				LD_RUNPATH_SEARCH_PATHS = (
					"$(inherited)",
					"@executable_path/Frameworks",
					"@loader_path/Frameworks",
				);
				PRODUCT_BUNDLE_IDENTIFIER = com.yousraeid.BuyINTests;
				PRODUCT_NAME = "$(TARGET_NAME)";
				SWIFT_VERSION = 5.0;
				TARGETED_DEVICE_FAMILY = "1,2";
				TEST_HOST = "$(BUILT_PRODUCTS_DIR)/BuyIN.app/BuyIN";
			};
			name = Debug;
		};
		18DF29A027D9719D006FE3C6 /* Release */ = {
			isa = XCBuildConfiguration;
			buildSettings = {
				ALWAYS_EMBED_SWIFT_STANDARD_LIBRARIES = YES;
				BUNDLE_LOADER = "$(TEST_HOST)";
				CODE_SIGN_STYLE = Automatic;
				INFOPLIST_FILE = BuyINTests/Info.plist;
				IPHONEOS_DEPLOYMENT_TARGET = 14.4;
				LD_RUNPATH_SEARCH_PATHS = (
					"$(inherited)",
					"@executable_path/Frameworks",
					"@loader_path/Frameworks",
				);
				PRODUCT_BUNDLE_IDENTIFIER = com.yousraeid.BuyINTests;
				PRODUCT_NAME = "$(TARGET_NAME)";
				SWIFT_VERSION = 5.0;
				TARGETED_DEVICE_FAMILY = "1,2";
				TEST_HOST = "$(BUILT_PRODUCTS_DIR)/BuyIN.app/BuyIN";
			};
			name = Release;
		};
		18DF29A227D9719D006FE3C6 /* Debug */ = {
			isa = XCBuildConfiguration;
			buildSettings = {
				ALWAYS_EMBED_SWIFT_STANDARD_LIBRARIES = YES;
				CODE_SIGN_STYLE = Automatic;
				INFOPLIST_FILE = BuyINUITests/Info.plist;
				LD_RUNPATH_SEARCH_PATHS = (
					"$(inherited)",
					"@executable_path/Frameworks",
					"@loader_path/Frameworks",
				);
				PRODUCT_BUNDLE_IDENTIFIER = com.yousraeid.BuyINUITests;
				PRODUCT_NAME = "$(TARGET_NAME)";
				SWIFT_VERSION = 5.0;
				TARGETED_DEVICE_FAMILY = "1,2";
				TEST_TARGET_NAME = BuyIN;
			};
			name = Debug;
		};
		18DF29A327D9719D006FE3C6 /* Release */ = {
			isa = XCBuildConfiguration;
			buildSettings = {
				ALWAYS_EMBED_SWIFT_STANDARD_LIBRARIES = YES;
				CODE_SIGN_STYLE = Automatic;
				INFOPLIST_FILE = BuyINUITests/Info.plist;
				LD_RUNPATH_SEARCH_PATHS = (
					"$(inherited)",
					"@executable_path/Frameworks",
					"@loader_path/Frameworks",
				);
				PRODUCT_BUNDLE_IDENTIFIER = com.yousraeid.BuyINUITests;
				PRODUCT_NAME = "$(TARGET_NAME)";
				SWIFT_VERSION = 5.0;
				TARGETED_DEVICE_FAMILY = "1,2";
				TEST_TARGET_NAME = BuyIN;
			};
			name = Release;
		};
/* End XCBuildConfiguration section */

/* Begin XCConfigurationList section */
		18DF296927D97198006FE3C6 /* Build configuration list for PBXProject "BuyIN" */ = {
			isa = XCConfigurationList;
			buildConfigurations = (
				18DF299927D9719D006FE3C6 /* Debug */,
				18DF299A27D9719D006FE3C6 /* Release */,
			);
			defaultConfigurationIsVisible = 0;
			defaultConfigurationName = Release;
		};
		18DF299B27D9719D006FE3C6 /* Build configuration list for PBXNativeTarget "BuyIN" */ = {
			isa = XCConfigurationList;
			buildConfigurations = (
				18DF299C27D9719D006FE3C6 /* Debug */,
				18DF299D27D9719D006FE3C6 /* Release */,
			);
			defaultConfigurationIsVisible = 0;
			defaultConfigurationName = Release;
		};
		18DF299E27D9719D006FE3C6 /* Build configuration list for PBXNativeTarget "BuyINTests" */ = {
			isa = XCConfigurationList;
			buildConfigurations = (
				18DF299F27D9719D006FE3C6 /* Debug */,
				18DF29A027D9719D006FE3C6 /* Release */,
			);
			defaultConfigurationIsVisible = 0;
			defaultConfigurationName = Release;
		};
		18DF29A127D9719D006FE3C6 /* Build configuration list for PBXNativeTarget "BuyINUITests" */ = {
			isa = XCConfigurationList;
			buildConfigurations = (
				18DF29A227D9719D006FE3C6 /* Debug */,
				18DF29A327D9719D006FE3C6 /* Release */,
			);
			defaultConfigurationIsVisible = 0;
			defaultConfigurationName = Release;
		};
/* End XCConfigurationList section */

/* Begin XCRemoteSwiftPackageReference section */
		328FE9AC27DE484B00FE22B2 /* XCRemoteSwiftPackageReference "SwipeCellKit" */ = {
			isa = XCRemoteSwiftPackageReference;
			repositoryURL = "https://github.com/SwipeCellKit/SwipeCellKit";
			requirement = {
				kind = upToNextMinorVersion;
				minimumVersion = 2.7.0;
			};
		};
		329F260527D98882006A2897 /* XCRemoteSwiftPackageReference "mobile-buy-sdk-ios" */ = {
			isa = XCRemoteSwiftPackageReference;
			repositoryURL = "https://github.com/Shopify/mobile-buy-sdk-ios";
			requirement = {
				kind = exactVersion;
				version = 7.0.0;
			};
		};
/* End XCRemoteSwiftPackageReference section */

/* Begin XCSwiftPackageProductDependency section */
		328FE9AD27DE484B00FE22B2 /* SwipeCellKit */ = {
			isa = XCSwiftPackageProductDependency;
			package = 328FE9AC27DE484B00FE22B2 /* XCRemoteSwiftPackageReference "SwipeCellKit" */;
			productName = SwipeCellKit;
		};
		329F260627D98882006A2897 /* Buy */ = {
			isa = XCSwiftPackageProductDependency;
			package = 329F260527D98882006A2897 /* XCRemoteSwiftPackageReference "mobile-buy-sdk-ios" */;
			productName = Buy;
		};
		329F260827D98882006A2897 /* Pay */ = {
			isa = XCSwiftPackageProductDependency;
			package = 329F260527D98882006A2897 /* XCRemoteSwiftPackageReference "mobile-buy-sdk-ios" */;
			productName = Pay;
		};
/* End XCSwiftPackageProductDependency section */

/* Begin XCVersionGroup section */
		18DF297A27D97198006FE3C6 /* BuyIN.xcdatamodeld */ = {
			isa = XCVersionGroup;
			children = (
				18DF297B27D97198006FE3C6 /* BuyIN.xcdatamodel */,
			);
			currentVersion = 18DF297B27D97198006FE3C6 /* BuyIN.xcdatamodel */;
			path = BuyIN.xcdatamodeld;
			sourceTree = "<group>";
			versionGroupType = wrapper.xcdatamodel;
		};
/* End XCVersionGroup section */
	};
	rootObject = 18DF296627D97198006FE3C6 /* Project object */;
}
