// !$*UTF8*$!
{
	archiveVersion = 1;
	classes = {
	};
	objectVersion = 50;
	objects = {

/* Begin PBXBuildFile section */
		18DF297227D97198006FE3C6 /* AppDelegate.swift in Sources */ = {isa = PBXBuildFile; fileRef = 18DF297127D97198006FE3C6 /* AppDelegate.swift */; };
		18DF297427D97198006FE3C6 /* SceneDelegate.swift in Sources */ = {isa = PBXBuildFile; fileRef = 18DF297327D97198006FE3C6 /* SceneDelegate.swift */; };
		18DF297627D97198006FE3C6 /* ViewController.swift in Sources */ = {isa = PBXBuildFile; fileRef = 18DF297527D97198006FE3C6 /* ViewController.swift */; };
		18DF297927D97198006FE3C6 /* Main.storyboard in Resources */ = {isa = PBXBuildFile; fileRef = 18DF297727D97198006FE3C6 /* Main.storyboard */; };
		18DF297C27D97198006FE3C6 /* BuyIN.xcdatamodeld in Sources */ = {isa = PBXBuildFile; fileRef = 18DF297A27D97198006FE3C6 /* BuyIN.xcdatamodeld */; };
		18DF297E27D9719C006FE3C6 /* Assets.xcassets in Resources */ = {isa = PBXBuildFile; fileRef = 18DF297D27D9719C006FE3C6 /* Assets.xcassets */; };
		18DF298127D9719C006FE3C6 /* LaunchScreen.storyboard in Resources */ = {isa = PBXBuildFile; fileRef = 18DF297F27D9719C006FE3C6 /* LaunchScreen.storyboard */; };
		18DF298C27D9719D006FE3C6 /* BuyINTests.swift in Sources */ = {isa = PBXBuildFile; fileRef = 18DF298B27D9719D006FE3C6 /* BuyINTests.swift */; };
		18DF299727D9719D006FE3C6 /* BuyINUITests.swift in Sources */ = {isa = PBXBuildFile; fileRef = 18DF299627D9719D006FE3C6 /* BuyINUITests.swift */; };
/* End PBXBuildFile section */

/* Begin PBXContainerItemProxy section */
		18DF298827D9719D006FE3C6 /* PBXContainerItemProxy */ = {
			isa = PBXContainerItemProxy;
			containerPortal = 18DF296627D97198006FE3C6 /* Project object */;
			proxyType = 1;
			remoteGlobalIDString = 18DF296D27D97198006FE3C6;
			remoteInfo = BuyIN;
		};
		18DF299327D9719D006FE3C6 /* PBXContainerItemProxy */ = {
			isa = PBXContainerItemProxy;
			containerPortal = 18DF296627D97198006FE3C6 /* Project object */;
			proxyType = 1;
			remoteGlobalIDString = 18DF296D27D97198006FE3C6;
			remoteInfo = BuyIN;
		};
/* End PBXContainerItemProxy section */

/* Begin PBXFileReference section */
		18DF296E27D97198006FE3C6 /* BuyIN.app */ = {isa = PBXFileReference; explicitFileType = wrapper.application; includeInIndex = 0; path = BuyIN.app; sourceTree = BUILT_PRODUCTS_DIR; };
		18DF297127D97198006FE3C6 /* AppDelegate.swift */ = {isa = PBXFileReference; lastKnownFileType = sourcecode.swift; path = AppDelegate.swift; sourceTree = "<group>"; };
		18DF297327D97198006FE3C6 /* SceneDelegate.swift */ = {isa = PBXFileReference; lastKnownFileType = sourcecode.swift; path = SceneDelegate.swift; sourceTree = "<group>"; };
		18DF297527D97198006FE3C6 /* ViewController.swift */ = {isa = PBXFileReference; lastKnownFileType = sourcecode.swift; path = ViewController.swift; sourceTree = "<group>"; };
		18DF297827D97198006FE3C6 /* Base */ = {isa = PBXFileReference; lastKnownFileType = file.storyboard; name = Base; path = Base.lproj/Main.storyboard; sourceTree = "<group>"; };
		18DF297B27D97198006FE3C6 /* BuyIN.xcdatamodel */ = {isa = PBXFileReference; lastKnownFileType = wrapper.xcdatamodel; path = BuyIN.xcdatamodel; sourceTree = "<group>"; };
		18DF297D27D9719C006FE3C6 /* Assets.xcassets */ = {isa = PBXFileReference; lastKnownFileType = folder.assetcatalog; path = Assets.xcassets; sourceTree = "<group>"; };
		18DF298027D9719C006FE3C6 /* Base */ = {isa = PBXFileReference; lastKnownFileType = file.storyboard; name = Base; path = Base.lproj/LaunchScreen.storyboard; sourceTree = "<group>"; };
		18DF298227D9719C006FE3C6 /* Info.plist */ = {isa = PBXFileReference; lastKnownFileType = text.plist.xml; path = Info.plist; sourceTree = "<group>"; };
		18DF298727D9719D006FE3C6 /* BuyINTests.xctest */ = {isa = PBXFileReference; explicitFileType = wrapper.cfbundle; includeInIndex = 0; path = BuyINTests.xctest; sourceTree = BUILT_PRODUCTS_DIR; };
		18DF298B27D9719D006FE3C6 /* BuyINTests.swift */ = {isa = PBXFileReference; lastKnownFileType = sourcecode.swift; path = BuyINTests.swift; sourceTree = "<group>"; };
		18DF298D27D9719D006FE3C6 /* Info.plist */ = {isa = PBXFileReference; lastKnownFileType = text.plist.xml; path = Info.plist; sourceTree = "<group>"; };
		18DF299227D9719D006FE3C6 /* BuyINUITests.xctest */ = {isa = PBXFileReference; explicitFileType = wrapper.cfbundle; includeInIndex = 0; path = BuyINUITests.xctest; sourceTree = BUILT_PRODUCTS_DIR; };
		18DF299627D9719D006FE3C6 /* BuyINUITests.swift */ = {isa = PBXFileReference; lastKnownFileType = sourcecode.swift; path = BuyINUITests.swift; sourceTree = "<group>"; };
		18DF299827D9719D006FE3C6 /* Info.plist */ = {isa = PBXFileReference; lastKnownFileType = text.plist.xml; path = Info.plist; sourceTree = "<group>"; };
/* End PBXFileReference section */

/* Begin PBXFrameworksBuildPhase section */
		18DF296B27D97198006FE3C6 /* Frameworks */ = {
			isa = PBXFrameworksBuildPhase;
			buildActionMask = 2147483647;
			files = (
			);
			runOnlyForDeploymentPostprocessing = 0;
		};
		18DF298427D9719D006FE3C6 /* Frameworks */ = {
			isa = PBXFrameworksBuildPhase;
			buildActionMask = 2147483647;
			files = (
			);
			runOnlyForDeploymentPostprocessing = 0;
		};
		18DF298F27D9719D006FE3C6 /* Frameworks */ = {
			isa = PBXFrameworksBuildPhase;
			buildActionMask = 2147483647;
			files = (
			);
			runOnlyForDeploymentPostprocessing = 0;
		};
/* End PBXFrameworksBuildPhase section */

/* Begin PBXGroup section */
		18DF296527D97198006FE3C6 = {
			isa = PBXGroup;
			children = (
				18DF297027D97198006FE3C6 /* BuyIN */,
				18DF298A27D9719D006FE3C6 /* BuyINTests */,
				18DF299527D9719D006FE3C6 /* BuyINUITests */,
				18DF296F27D97198006FE3C6 /* Products */,
			);
			sourceTree = "<group>";
		};
		18DF296F27D97198006FE3C6 /* Products */ = {
			isa = PBXGroup;
			children = (
				18DF296E27D97198006FE3C6 /* BuyIN.app */,
				18DF298727D9719D006FE3C6 /* BuyINTests.xctest */,
				18DF299227D9719D006FE3C6 /* BuyINUITests.xctest */,
			);
			name = Products;
			sourceTree = "<group>";
		};
		18DF297027D97198006FE3C6 /* BuyIN */ = {
			isa = PBXGroup;
			children = (
				18DF297127D97198006FE3C6 /* AppDelegate.swift */,
				18DF297327D97198006FE3C6 /* SceneDelegate.swift */,
				18DF297527D97198006FE3C6 /* ViewController.swift */,
				18DF297727D97198006FE3C6 /* Main.storyboard */,
				18DF297D27D9719C006FE3C6 /* Assets.xcassets */,
				18DF297F27D9719C006FE3C6 /* LaunchScreen.storyboard */,
				18DF298227D9719C006FE3C6 /* Info.plist */,
				18DF297A27D97198006FE3C6 /* BuyIN.xcdatamodeld */,
			);
			path = BuyIN;
			sourceTree = "<group>";
		};
		18DF298A27D9719D006FE3C6 /* BuyINTests */ = {
			isa = PBXGroup;
			children = (
				18DF298B27D9719D006FE3C6 /* BuyINTests.swift */,
				18DF298D27D9719D006FE3C6 /* Info.plist */,
			);
			path = BuyINTests;
			sourceTree = "<group>";
		};
		18DF299527D9719D006FE3C6 /* BuyINUITests */ = {
			isa = PBXGroup;
			children = (
				18DF299627D9719D006FE3C6 /* BuyINUITests.swift */,
				18DF299827D9719D006FE3C6 /* Info.plist */,
			);
			path = BuyINUITests;
			sourceTree = "<group>";
		};
/* End PBXGroup section */

/* Begin PBXNativeTarget section */
		18DF296D27D97198006FE3C6 /* BuyIN */ = {
			isa = PBXNativeTarget;
			buildConfigurationList = 18DF299B27D9719D006FE3C6 /* Build configuration list for PBXNativeTarget "BuyIN" */;
			buildPhases = (
				18DF296A27D97198006FE3C6 /* Sources */,
				18DF296B27D97198006FE3C6 /* Frameworks */,
				18DF296C27D97198006FE3C6 /* Resources */,
			);
			buildRules = (
			);
			dependencies = (
			);
			name = BuyIN;
			productName = BuyIN;
			productReference = 18DF296E27D97198006FE3C6 /* BuyIN.app */;
			productType = "com.apple.product-type.application";
		};
		18DF298627D9719D006FE3C6 /* BuyINTests */ = {
			isa = PBXNativeTarget;
			buildConfigurationList = 18DF299E27D9719D006FE3C6 /* Build configuration list for PBXNativeTarget "BuyINTests" */;
			buildPhases = (
				18DF298327D9719D006FE3C6 /* Sources */,
				18DF298427D9719D006FE3C6 /* Frameworks */,
				18DF298527D9719D006FE3C6 /* Resources */,
			);
			buildRules = (
			);
			dependencies = (
				18DF298927D9719D006FE3C6 /* PBXTargetDependency */,
			);
			name = BuyINTests;
			productName = BuyINTests;
			productReference = 18DF298727D9719D006FE3C6 /* BuyINTests.xctest */;
			productType = "com.apple.product-type.bundle.unit-test";
		};
		18DF299127D9719D006FE3C6 /* BuyINUITests */ = {
			isa = PBXNativeTarget;
			buildConfigurationList = 18DF29A127D9719D006FE3C6 /* Build configuration list for PBXNativeTarget "BuyINUITests" */;
			buildPhases = (
				18DF298E27D9719D006FE3C6 /* Sources */,
				18DF298F27D9719D006FE3C6 /* Frameworks */,
				18DF299027D9719D006FE3C6 /* Resources */,
			);
			buildRules = (
			);
			dependencies = (
				18DF299427D9719D006FE3C6 /* PBXTargetDependency */,
			);
			name = BuyINUITests;
			productName = BuyINUITests;
			productReference = 18DF299227D9719D006FE3C6 /* BuyINUITests.xctest */;
			productType = "com.apple.product-type.bundle.ui-testing";
		};
/* End PBXNativeTarget section */

/* Begin PBXProject section */
		18DF296627D97198006FE3C6 /* Project object */ = {
			isa = PBXProject;
			attributes = {
				LastSwiftUpdateCheck = 1240;
				LastUpgradeCheck = 1240;
				TargetAttributes = {
					18DF296D27D97198006FE3C6 = {
						CreatedOnToolsVersion = 12.4;
					};
					18DF298627D9719D006FE3C6 = {
						CreatedOnToolsVersion = 12.4;
						TestTargetID = 18DF296D27D97198006FE3C6;
					};
					18DF299127D9719D006FE3C6 = {
						CreatedOnToolsVersion = 12.4;
						TestTargetID = 18DF296D27D97198006FE3C6;
					};
				};
			};
			buildConfigurationList = 18DF296927D97198006FE3C6 /* Build configuration list for PBXProject "BuyIN" */;
			compatibilityVersion = "Xcode 9.3";
			developmentRegion = en;
			hasScannedForEncodings = 0;
			knownRegions = (
				en,
				Base,
			);
			mainGroup = 18DF296527D97198006FE3C6;
			productRefGroup = 18DF296F27D97198006FE3C6 /* Products */;
			projectDirPath = "";
			projectRoot = "";
			targets = (
				18DF296D27D97198006FE3C6 /* BuyIN */,
				18DF298627D9719D006FE3C6 /* BuyINTests */,
				18DF299127D9719D006FE3C6 /* BuyINUITests */,
			);
		};
/* End PBXProject section */

/* Begin PBXResourcesBuildPhase section */
		18DF296C27D97198006FE3C6 /* Resources */ = {
			isa = PBXResourcesBuildPhase;
			buildActionMask = 2147483647;
			files = (
				18DF298127D9719C006FE3C6 /* LaunchScreen.storyboard in Resources */,
				18DF297E27D9719C006FE3C6 /* Assets.xcassets in Resources */,
				18DF297927D97198006FE3C6 /* Main.storyboard in Resources */,
			);
			runOnlyForDeploymentPostprocessing = 0;
		};
		18DF298527D9719D006FE3C6 /* Resources */ = {
			isa = PBXResourcesBuildPhase;
			buildActionMask = 2147483647;
			files = (
			);
			runOnlyForDeploymentPostprocessing = 0;
		};
		18DF299027D9719D006FE3C6 /* Resources */ = {
			isa = PBXResourcesBuildPhase;
			buildActionMask = 2147483647;
			files = (
			);
			runOnlyForDeploymentPostprocessing = 0;
		};
/* End PBXResourcesBuildPhase section */

/* Begin PBXSourcesBuildPhase section */
		18DF296A27D97198006FE3C6 /* Sources */ = {
			isa = PBXSourcesBuildPhase;
			buildActionMask = 2147483647;
			files = (
				18DF297627D97198006FE3C6 /* ViewController.swift in Sources */,
				18DF297C27D97198006FE3C6 /* BuyIN.xcdatamodeld in Sources */,
				18DF297227D97198006FE3C6 /* AppDelegate.swift in Sources */,
				18DF297427D97198006FE3C6 /* SceneDelegate.swift in Sources */,
			);
			runOnlyForDeploymentPostprocessing = 0;
		};
		18DF298327D9719D006FE3C6 /* Sources */ = {
			isa = PBXSourcesBuildPhase;
			buildActionMask = 2147483647;
			files = (
				18DF298C27D9719D006FE3C6 /* BuyINTests.swift in Sources */,
			);
			runOnlyForDeploymentPostprocessing = 0;
		};
		18DF298E27D9719D006FE3C6 /* Sources */ = {
			isa = PBXSourcesBuildPhase;
			buildActionMask = 2147483647;
			files = (
				18DF299727D9719D006FE3C6 /* BuyINUITests.swift in Sources */,
			);
			runOnlyForDeploymentPostprocessing = 0;
		};
/* End PBXSourcesBuildPhase section */

/* Begin PBXTargetDependency section */
		18DF298927D9719D006FE3C6 /* PBXTargetDependency */ = {
			isa = PBXTargetDependency;
			target = 18DF296D27D97198006FE3C6 /* BuyIN */;
			targetProxy = 18DF298827D9719D006FE3C6 /* PBXContainerItemProxy */;
		};
		18DF299427D9719D006FE3C6 /* PBXTargetDependency */ = {
			isa = PBXTargetDependency;
			target = 18DF296D27D97198006FE3C6 /* BuyIN */;
			targetProxy = 18DF299327D9719D006FE3C6 /* PBXContainerItemProxy */;
		};
/* End PBXTargetDependency section */

/* Begin PBXVariantGroup section */
		18DF297727D97198006FE3C6 /* Main.storyboard */ = {
			isa = PBXVariantGroup;
			children = (
				18DF297827D97198006FE3C6 /* Base */,
			);
			name = Main.storyboard;
			sourceTree = "<group>";
		};
		18DF297F27D9719C006FE3C6 /* LaunchScreen.storyboard */ = {
			isa = PBXVariantGroup;
			children = (
				18DF298027D9719C006FE3C6 /* Base */,
			);
			name = LaunchScreen.storyboard;
			sourceTree = "<group>";
		};
/* End PBXVariantGroup section */

/* Begin XCBuildConfiguration section */
		18DF299927D9719D006FE3C6 /* Debug */ = {
			isa = XCBuildConfiguration;
			buildSettings = {
				ALWAYS_SEARCH_USER_PATHS = NO;
				CLANG_ANALYZER_NONNULL = YES;
				CLANG_ANALYZER_NUMBER_OBJECT_CONVERSION = YES_AGGRESSIVE;
				CLANG_CXX_LANGUAGE_STANDARD = "gnu++14";
				CLANG_CXX_LIBRARY = "libc++";
				CLANG_ENABLE_MODULES = YES;
				CLANG_ENABLE_OBJC_ARC = YES;
				CLANG_ENABLE_OBJC_WEAK = YES;
				CLANG_WARN_BLOCK_CAPTURE_AUTORELEASING = YES;
				CLANG_WARN_BOOL_CONVERSION = YES;
				CLANG_WARN_COMMA = YES;
				CLANG_WARN_CONSTANT_CONVERSION = YES;
				CLANG_WARN_DEPRECATED_OBJC_IMPLEMENTATIONS = YES;
				CLANG_WARN_DIRECT_OBJC_ISA_USAGE = YES_ERROR;
				CLANG_WARN_DOCUMENTATION_COMMENTS = YES;
				CLANG_WARN_EMPTY_BODY = YES;
				CLANG_WARN_ENUM_CONVERSION = YES;
				CLANG_WARN_INFINITE_RECURSION = YES;
				CLANG_WARN_INT_CONVERSION = YES;
				CLANG_WARN_NON_LITERAL_NULL_CONVERSION = YES;
				CLANG_WARN_OBJC_IMPLICIT_RETAIN_SELF = YES;
				CLANG_WARN_OBJC_LITERAL_CONVERSION = YES;
				CLANG_WARN_OBJC_ROOT_CLASS = YES_ERROR;
				CLANG_WARN_QUOTED_INCLUDE_IN_FRAMEWORK_HEADER = YES;
				CLANG_WARN_RANGE_LOOP_ANALYSIS = YES;
				CLANG_WARN_STRICT_PROTOTYPES = YES;
				CLANG_WARN_SUSPICIOUS_MOVE = YES;
				CLANG_WARN_UNGUARDED_AVAILABILITY = YES_AGGRESSIVE;
				CLANG_WARN_UNREACHABLE_CODE = YES;
				CLANG_WARN__DUPLICATE_METHOD_MATCH = YES;
				COPY_PHASE_STRIP = NO;
				DEBUG_INFORMATION_FORMAT = dwarf;
				ENABLE_STRICT_OBJC_MSGSEND = YES;
				ENABLE_TESTABILITY = YES;
				GCC_C_LANGUAGE_STANDARD = gnu11;
				GCC_DYNAMIC_NO_PIC = NO;
				GCC_NO_COMMON_BLOCKS = YES;
				GCC_OPTIMIZATION_LEVEL = 0;
				GCC_PREPROCESSOR_DEFINITIONS = (
					"DEBUG=1",
					"$(inherited)",
				);
				GCC_WARN_64_TO_32_BIT_CONVERSION = YES;
				GCC_WARN_ABOUT_RETURN_TYPE = YES_ERROR;
				GCC_WARN_UNDECLARED_SELECTOR = YES;
				GCC_WARN_UNINITIALIZED_AUTOS = YES_AGGRESSIVE;
				GCC_WARN_UNUSED_FUNCTION = YES;
				GCC_WARN_UNUSED_VARIABLE = YES;
				IPHONEOS_DEPLOYMENT_TARGET = 14.4;
				MTL_ENABLE_DEBUG_INFO = INCLUDE_SOURCE;
				MTL_FAST_MATH = YES;
				ONLY_ACTIVE_ARCH = YES;
				SDKROOT = iphoneos;
				SWIFT_ACTIVE_COMPILATION_CONDITIONS = DEBUG;
				SWIFT_OPTIMIZATION_LEVEL = "-Onone";
			};
			name = Debug;
		};
		18DF299A27D9719D006FE3C6 /* Release */ = {
			isa = XCBuildConfiguration;
			buildSettings = {
				ALWAYS_SEARCH_USER_PATHS = NO;
				CLANG_ANALYZER_NONNULL = YES;
				CLANG_ANALYZER_NUMBER_OBJECT_CONVERSION = YES_AGGRESSIVE;
				CLANG_CXX_LANGUAGE_STANDARD = "gnu++14";
				CLANG_CXX_LIBRARY = "libc++";
				CLANG_ENABLE_MODULES = YES;
				CLANG_ENABLE_OBJC_ARC = YES;
				CLANG_ENABLE_OBJC_WEAK = YES;
				CLANG_WARN_BLOCK_CAPTURE_AUTORELEASING = YES;
				CLANG_WARN_BOOL_CONVERSION = YES;
				CLANG_WARN_COMMA = YES;
				CLANG_WARN_CONSTANT_CONVERSION = YES;
				CLANG_WARN_DEPRECATED_OBJC_IMPLEMENTATIONS = YES;
				CLANG_WARN_DIRECT_OBJC_ISA_USAGE = YES_ERROR;
				CLANG_WARN_DOCUMENTATION_COMMENTS = YES;
				CLANG_WARN_EMPTY_BODY = YES;
				CLANG_WARN_ENUM_CONVERSION = YES;
				CLANG_WARN_INFINITE_RECURSION = YES;
				CLANG_WARN_INT_CONVERSION = YES;
				CLANG_WARN_NON_LITERAL_NULL_CONVERSION = YES;
				CLANG_WARN_OBJC_IMPLICIT_RETAIN_SELF = YES;
				CLANG_WARN_OBJC_LITERAL_CONVERSION = YES;
				CLANG_WARN_OBJC_ROOT_CLASS = YES_ERROR;
				CLANG_WARN_QUOTED_INCLUDE_IN_FRAMEWORK_HEADER = YES;
				CLANG_WARN_RANGE_LOOP_ANALYSIS = YES;
				CLANG_WARN_STRICT_PROTOTYPES = YES;
				CLANG_WARN_SUSPICIOUS_MOVE = YES;
				CLANG_WARN_UNGUARDED_AVAILABILITY = YES_AGGRESSIVE;
				CLANG_WARN_UNREACHABLE_CODE = YES;
				CLANG_WARN__DUPLICATE_METHOD_MATCH = YES;
				COPY_PHASE_STRIP = NO;
				DEBUG_INFORMATION_FORMAT = "dwarf-with-dsym";
				ENABLE_NS_ASSERTIONS = NO;
				ENABLE_STRICT_OBJC_MSGSEND = YES;
				GCC_C_LANGUAGE_STANDARD = gnu11;
				GCC_NO_COMMON_BLOCKS = YES;
				GCC_WARN_64_TO_32_BIT_CONVERSION = YES;
				GCC_WARN_ABOUT_RETURN_TYPE = YES_ERROR;
				GCC_WARN_UNDECLARED_SELECTOR = YES;
				GCC_WARN_UNINITIALIZED_AUTOS = YES_AGGRESSIVE;
				GCC_WARN_UNUSED_FUNCTION = YES;
				GCC_WARN_UNUSED_VARIABLE = YES;
				IPHONEOS_DEPLOYMENT_TARGET = 14.4;
				MTL_ENABLE_DEBUG_INFO = NO;
				MTL_FAST_MATH = YES;
				SDKROOT = iphoneos;
				SWIFT_COMPILATION_MODE = wholemodule;
				SWIFT_OPTIMIZATION_LEVEL = "-O";
				VALIDATE_PRODUCT = YES;
			};
			name = Release;
		};
		18DF299C27D9719D006FE3C6 /* Debug */ = {
			isa = XCBuildConfiguration;
			buildSettings = {
				ASSETCATALOG_COMPILER_APPICON_NAME = AppIcon;
				ASSETCATALOG_COMPILER_GLOBAL_ACCENT_COLOR_NAME = AccentColor;
				CODE_SIGN_STYLE = Automatic;
				INFOPLIST_FILE = BuyIN/Info.plist;
				LD_RUNPATH_SEARCH_PATHS = (
					"$(inherited)",
					"@executable_path/Frameworks",
				);
				PRODUCT_BUNDLE_IDENTIFIER = com.yousraeid.BuyIN;
				PRODUCT_NAME = "$(TARGET_NAME)";
				SWIFT_VERSION = 5.0;
				TARGETED_DEVICE_FAMILY = "1,2";
			};
			name = Debug;
		};
		18DF299D27D9719D006FE3C6 /* Release */ = {
			isa = XCBuildConfiguration;
			buildSettings = {
				ASSETCATALOG_COMPILER_APPICON_NAME = AppIcon;
				ASSETCATALOG_COMPILER_GLOBAL_ACCENT_COLOR_NAME = AccentColor;
				CODE_SIGN_STYLE = Automatic;
				INFOPLIST_FILE = BuyIN/Info.plist;
				LD_RUNPATH_SEARCH_PATHS = (
					"$(inherited)",
					"@executable_path/Frameworks",
				);
				PRODUCT_BUNDLE_IDENTIFIER = com.yousraeid.BuyIN;
				PRODUCT_NAME = "$(TARGET_NAME)";
				SWIFT_VERSION = 5.0;
				TARGETED_DEVICE_FAMILY = "1,2";
			};
			name = Release;
		};
		18DF299F27D9719D006FE3C6 /* Debug */ = {
			isa = XCBuildConfiguration;
			buildSettings = {
				ALWAYS_EMBED_SWIFT_STANDARD_LIBRARIES = YES;
				BUNDLE_LOADER = "$(TEST_HOST)";
				CODE_SIGN_STYLE = Automatic;
				INFOPLIST_FILE = BuyINTests/Info.plist;
				IPHONEOS_DEPLOYMENT_TARGET = 14.4;
				LD_RUNPATH_SEARCH_PATHS = (
					"$(inherited)",
					"@executable_path/Frameworks",
					"@loader_path/Frameworks",
				);
				PRODUCT_BUNDLE_IDENTIFIER = com.yousraeid.BuyINTests;
				PRODUCT_NAME = "$(TARGET_NAME)";
				SWIFT_VERSION = 5.0;
				TARGETED_DEVICE_FAMILY = "1,2";
				TEST_HOST = "$(BUILT_PRODUCTS_DIR)/BuyIN.app/BuyIN";
			};
			name = Debug;
		};
		18DF29A027D9719D006FE3C6 /* Release */ = {
			isa = XCBuildConfiguration;
			buildSettings = {
				ALWAYS_EMBED_SWIFT_STANDARD_LIBRARIES = YES;
				BUNDLE_LOADER = "$(TEST_HOST)";
				CODE_SIGN_STYLE = Automatic;
				INFOPLIST_FILE = BuyINTests/Info.plist;
				IPHONEOS_DEPLOYMENT_TARGET = 14.4;
				LD_RUNPATH_SEARCH_PATHS = (
					"$(inherited)",
					"@executable_path/Frameworks",
					"@loader_path/Frameworks",
				);
				PRODUCT_BUNDLE_IDENTIFIER = com.yousraeid.BuyINTests;
				PRODUCT_NAME = "$(TARGET_NAME)";
				SWIFT_VERSION = 5.0;
				TARGETED_DEVICE_FAMILY = "1,2";
				TEST_HOST = "$(BUILT_PRODUCTS_DIR)/BuyIN.app/BuyIN";
			};
			name = Release;
		};
		18DF29A227D9719D006FE3C6 /* Debug */ = {
			isa = XCBuildConfiguration;
			buildSettings = {
				ALWAYS_EMBED_SWIFT_STANDARD_LIBRARIES = YES;
				CODE_SIGN_STYLE = Automatic;
				INFOPLIST_FILE = BuyINUITests/Info.plist;
				LD_RUNPATH_SEARCH_PATHS = (
					"$(inherited)",
					"@executable_path/Frameworks",
					"@loader_path/Frameworks",
				);
				PRODUCT_BUNDLE_IDENTIFIER = com.yousraeid.BuyINUITests;
				PRODUCT_NAME = "$(TARGET_NAME)";
				SWIFT_VERSION = 5.0;
				TARGETED_DEVICE_FAMILY = "1,2";
				TEST_TARGET_NAME = BuyIN;
			};
			name = Debug;
		};
		18DF29A327D9719D006FE3C6 /* Release */ = {
			isa = XCBuildConfiguration;
			buildSettings = {
				ALWAYS_EMBED_SWIFT_STANDARD_LIBRARIES = YES;
				CODE_SIGN_STYLE = Automatic;
				INFOPLIST_FILE = BuyINUITests/Info.plist;
				LD_RUNPATH_SEARCH_PATHS = (
					"$(inherited)",
					"@executable_path/Frameworks",
					"@loader_path/Frameworks",
				);
				PRODUCT_BUNDLE_IDENTIFIER = com.yousraeid.BuyINUITests;
				PRODUCT_NAME = "$(TARGET_NAME)";
				SWIFT_VERSION = 5.0;
				TARGETED_DEVICE_FAMILY = "1,2";
				TEST_TARGET_NAME = BuyIN;
			};
			name = Release;
		};
/* End XCBuildConfiguration section */

/* Begin XCConfigurationList section */
		18DF296927D97198006FE3C6 /* Build configuration list for PBXProject "BuyIN" */ = {
			isa = XCConfigurationList;
			buildConfigurations = (
				18DF299927D9719D006FE3C6 /* Debug */,
				18DF299A27D9719D006FE3C6 /* Release */,
			);
			defaultConfigurationIsVisible = 0;
			defaultConfigurationName = Release;
		};
		18DF299B27D9719D006FE3C6 /* Build configuration list for PBXNativeTarget "BuyIN" */ = {
			isa = XCConfigurationList;
			buildConfigurations = (
				18DF299C27D9719D006FE3C6 /* Debug */,
				18DF299D27D9719D006FE3C6 /* Release */,
			);
			defaultConfigurationIsVisible = 0;
			defaultConfigurationName = Release;
		};
		18DF299E27D9719D006FE3C6 /* Build configuration list for PBXNativeTarget "BuyINTests" */ = {
			isa = XCConfigurationList;
			buildConfigurations = (
				18DF299F27D9719D006FE3C6 /* Debug */,
				18DF29A027D9719D006FE3C6 /* Release */,
			);
			defaultConfigurationIsVisible = 0;
			defaultConfigurationName = Release;
		};
		18DF29A127D9719D006FE3C6 /* Build configuration list for PBXNativeTarget "BuyINUITests" */ = {
			isa = XCConfigurationList;
			buildConfigurations = (
				18DF29A227D9719D006FE3C6 /* Debug */,
				18DF29A327D9719D006FE3C6 /* Release */,
			);
			defaultConfigurationIsVisible = 0;
			defaultConfigurationName = Release;
		};
/* End XCConfigurationList section */

/* Begin XCVersionGroup section */
		18DF297A27D97198006FE3C6 /* BuyIN.xcdatamodeld */ = {
			isa = XCVersionGroup;
			children = (
				18DF297B27D97198006FE3C6 /* BuyIN.xcdatamodel */,
			);
			currentVersion = 18DF297B27D97198006FE3C6 /* BuyIN.xcdatamodel */;
			path = BuyIN.xcdatamodeld;
			sourceTree = "<group>";
			versionGroupType = wrapper.xcdatamodel;
		};
/* End XCVersionGroup section */
	};
	rootObject = 18DF296627D97198006FE3C6 /* Project object */;
}
